{
  "version": 4,
  "terraform_version": "1.14.7",
  "serial": 204,
  "lineage": "6b3ee1e8-ecb9-4dd9-f283-c457ed1dd564",
  "outputs": {},
  "resources": [
    {
      "mode": "data",
      "type": "aws_iam_policy_document",
      "name": "media_bucket_policy",
      "provider": "provider[\"registry.terraform.io/hashicorp/aws\"]",
      "instances": [
        {
          "schema_version": 0,
          "attributes": {
            "id": "3926084348",
            "json": "{\n  \"Version\": \"2012-10-17\",\n  \"Statement\": [\n    {\n      \"Effect\": \"Allow\",\n      \"Action\": \"s3:*\",\n      \"Resource\": [\n        \"arn:aws:s3:::proj-media-bucket-2034/*\",\n        \"arn:aws:s3:::proj-media-bucket-2034\"\n      ],\n      \"Principal\": \"*\"\n    }\n  ]\n}",
            "minified_json": "{\"Version\":\"2012-10-17\",\"Statement\":[{\"Effect\":\"Allow\",\"Action\":\"s3:*\",\"Resource\":[\"arn:aws:s3:::proj-media-bucket-2034/*\",\"arn:aws:s3:::proj-media-bucket-2034\"],\"Principal\":\"*\"}]}",
            "override_json": null,
            "override_policy_documents": null,
            "policy_id": null,
            "source_json": null,
            "source_policy_documents": null,
            "statement": [
              {
                "actions": [
                  "s3:*"
                ],
                "condition": [],
                "effect": "Allow",
                "not_actions": [],
                "not_principals": [],
                "not_resources": [],
                "principals": [
                  {
                    "identifiers": [
                      "*"
                    ],
                    "type": "*"
                  }
                ],
                "resources": [
                  "arn:aws:s3:::proj-media-bucket-2034",
                  "arn:aws:s3:::proj-media-bucket-2034/*"
                ],
                "sid": ""
              }
            ],
            "version": "2012-10-17"
          },
          "sensitive_attributes": [],
          "identity_schema_version": 0
        }
      ]
    },
    {
      "mode": "managed",
      "type": "aws_eip",
      "name": "proj_eip",
      "provider": "provider[\"registry.terraform.io/hashicorp/aws\"]",
      "instances": [
        {
          "schema_version": 0,
          "attributes": {
            "address": null,
            "allocation_id": "eipalloc-02f9408ba01fb7988",
            "arn": "arn:aws:ec2:eu-west-1:941624500176:elastic-ip/eipalloc-02f9408ba01fb7988",
            "associate_with_private_ip": null,
            "association_id": "eipassoc-0b36503971cd9606a",
            "carrier_ip": "",
            "customer_owned_ip": "",
            "customer_owned_ipv4_pool": "",
            "domain": "vpc",
            "id": "eipalloc-02f9408ba01fb7988",
            "instance": "",
            "ipam_pool_id": "",
            "network_border_group": "eu-west-1",
            "network_interface": "eni-03e4e73b8fa58b5da",
            "private_dns": "ip-10-0-1-240.eu-west-1.compute.internal",
            "private_ip": "10.0.1.240",
            "ptr_record": "",
            "public_dns": "ec2-52-212-212-133.eu-west-1.compute.amazonaws.com",
            "public_ip": "52.212.212.133",
            "public_ipv4_pool": "amazon",
            "region": "eu-west-1",
            "tags": {
              "Name": "proj_eip"
            },
            "tags_all": {
              "Name": "proj_eip"
            },
            "timeouts": null
          },
          "sensitive_attributes": [],
          "identity_schema_version": 0,
          "identity": {
            "account_id": "941624500176",
            "id": "eipalloc-02f9408ba01fb7988",
            "region": "eu-west-1"
          },
          "private": "eyJlMmJmYjczMC1lY2FhLTExZTYtOGY4OC0zNDM2M2JjN2M0YzAiOnsiZGVsZXRlIjoxODAwMDAwMDAwMDAsInJlYWQiOjkwMDAwMDAwMDAwMCwidXBkYXRlIjozMDAwMDAwMDAwMDB9fQ=="
        }
      ]
    },
    {
      "mode": "managed",
      "type": "aws_internet_gateway",
      "name": "igw",
      "provider": "provider[\"registry.terraform.io/hashicorp/aws\"]",
      "instances": [
        {
          "schema_version": 0,
          "attributes": {
            "arn": "arn:aws:ec2:eu-west-1:941624500176:internet-gateway/igw-0fc918716e8327ca8",
            "id": "igw-0fc918716e8327ca8",
            "owner_id": "941624500176",
            "region": "eu-west-1",
            "tags": {
              "Name": "igw"
            },
            "tags_all": {
              "Name": "igw"
            },
            "timeouts": null,
            "vpc_id": "vpc-001da7bb6b6706e14"
          },
          "sensitive_attributes": [],
          "identity_schema_version": 0,
          "identity": {
            "account_id": "941624500176",
            "id": "igw-0fc918716e8327ca8",
            "region": "eu-west-1"
          },
          "private": "eyJlMmJmYjczMC1lY2FhLTExZTYtOGY4OC0zNDM2M2JjN2M0YzAiOnsiY3JlYXRlIjoxMjAwMDAwMDAwMDAwLCJkZWxldGUiOjEyMDAwMDAwMDAwMDAsInVwZGF0ZSI6MTIwMDAwMDAwMDAwMH19",
          "dependencies": [
            "aws_vpc.proj_vpc"
          ]
        }
      ]
    },
    {
      "mode": "managed",
      "type": "aws_key_pair",
      "name": "key",
      "provider": "provider[\"registry.terraform.io/hashicorp/aws\"]",
      "instances": [
        {
          "schema_version": 1,
          "attributes": {
            "arn": "arn:aws:ec2:eu-west-1:941624500176:key-pair/proj-pub-key",
            "fingerprint": "a9:e9:1f:8d:d5:91:ce:7d:19:d5:8e:8d:06:85:2d:6a",
            "id": "proj-pub-key",
            "key_name": "proj-pub-key",
            "key_name_prefix": "",
            "key_pair_id": "key-01e1e6ec6e67309e3",
            "key_type": "rsa",
            "public_key": "ssh-rsa AAAAB3NzaC1yc2EAAAADAQABAAACAQC646UhZbBXonXyCxDNlrkSXkO8dRI2JTfXFYiL5p2m1D7X5tGMPbP6ShSVw1yIUpRvWm85L0m1lwDXgUIGcoCRnqA+Yemhgk1hUcdljeJKeAZ4t1k1whoMu0K+8lpdTCGM2iE8EEq+D260vJYr6q9b7Ysm+vb6k3tjwbkOJp3bXyRLAXPR/FYCgYBs1LzGMc4iRh9DHzPUGYPSyPcJSLXnDHy77Z6MO6GUP1uy/FZl5adYtVQMNmgKvAbj1WlXXR4Mg47jgaJ+z7oqLRvOEA+NgOrbU5wi7FxdcQsPAOnHhonL5s834tIMGHgKWyBfLi3aU6xO8/VXOqPInD4mbGpfbE3LB5oSL8MmCGHVE3D1nBAtfFk5SHdlJiYEYAWD4uCe9OlgoQptC9d6t9cQ+s+zx33MXuuf3RfQkNYXih1SfgMhYfbo7y6yx4/tMBUrHtXYnsUMpHba3weWmEkFwwd7uOS4V1KSbCAaznMswAELTqFc80iyUfA15Zzdc4lU8/cVQd0iBgCBCY+kOTaY03CXknwfOMhjX/kbMzZPyPVgy6evVaafCXL9VIehuT6Og7CV7n6gdVkAwMF/8Zfv91GGHr40OfOf0m+lxZ2yXrpS9Jy8lIYEoyuHnk61Cu4rp80axVnfVsuz5tF6QjBMVGPxpLMMsgglR8vstltew+zzkw==",
            "region": "eu-west-1",
            "tags": {},
            "tags_all": {}
          },
          "sensitive_attributes": [],
          "identity_schema_version": 0,
          "private": "eyJzY2hlbWFfdmVyc2lvbiI6IjEifQ==",
          "dependencies": [
            "tls_private_key.key"
          ]
        }
      ]
    },
    {
      "mode": "managed",
      "type": "aws_nat_gateway",
      "name": "nat_gw",
      "provider": "provider[\"registry.terraform.io/hashicorp/aws\"]",
      "instances": [
        {
          "schema_version": 0,
          "attributes": {
            "allocation_id": "eipalloc-02f9408ba01fb7988",
            "association_id": "eipassoc-0b36503971cd9606a",
            "auto_provision_zones": null,
            "auto_scaling_ips": null,
            "availability_mode": "zonal",
            "availability_zone_address": [],
            "connectivity_type": "public",
            "id": "nat-0ecc381ea0f2bcd52",
            "network_interface_id": "eni-03e4e73b8fa58b5da",
            "private_ip": "10.0.1.240",
            "public_ip": "52.212.212.133",
            "region": "eu-west-1",
            "regional_nat_gateway_address": [],
            "regional_nat_gateway_auto_mode": null,
            "route_table_id": null,
            "secondary_allocation_ids": [],
            "secondary_private_ip_address_count": 0,
            "secondary_private_ip_addresses": [],
            "subnet_id": "subnet-0b26d1b121c605b63",
            "tags": {
              "Name": "nat_gw"
            },
            "tags_all": {
              "Name": "nat_gw"
            },
            "timeouts": null,
            "vpc_id": "vpc-001da7bb6b6706e14"
          },
          "sensitive_attributes": [],
          "identity_schema_version": 0,
          "identity": {
            "account_id": "941624500176",
            "id": "nat-0ecc381ea0f2bcd52",
            "region": "eu-west-1"
          },
          "private": "eyJlMmJmYjczMC1lY2FhLTExZTYtOGY4OC0zNDM2M2JjN2M0YzAiOnsiY3JlYXRlIjo2MDAwMDAwMDAwMDAsImRlbGV0ZSI6MTgwMDAwMDAwMDAwMCwidXBkYXRlIjo2MDAwMDAwMDAwMDB9fQ==",
          "dependencies": [
            "aws_eip.proj_eip",
            "aws_internet_gateway.igw",
            "aws_subnet.pub_sbn1",
            "aws_vpc.proj_vpc"
          ]
        }
      ]
    },
    {
      "mode": "managed",
      "type": "aws_route_table",
      "name": "private_rt",
      "provider": "provider[\"registry.terraform.io/hashicorp/aws\"]",
      "instances": [
        {
          "schema_version": 0,
          "attributes": {
            "arn": "arn:aws:ec2:eu-west-1:941624500176:route-table/rtb-06fbd2037ca0c51c2",
            "id": "rtb-06fbd2037ca0c51c2",
            "owner_id": "941624500176",
            "propagating_vgws": [],
            "region": "eu-west-1",
            "route": [
              {
                "carrier_gateway_id": "",
                "cidr_block": "0.0.0.0/0",
                "core_network_arn": "",
                "destination_prefix_list_id": "",
                "egress_only_gateway_id": "",
                "gateway_id": "",
                "ipv6_cidr_block": "",
                "local_gateway_id": "",
                "nat_gateway_id": "nat-0ecc381ea0f2bcd52",
                "network_interface_id": "",
                "odb_network_arn": "",
                "transit_gateway_id": "",
                "vpc_endpoint_id": "",
                "vpc_peering_connection_id": ""
              }
            ],
            "tags": {
              "Name": "private_rt"
            },
            "tags_all": {
              "Name": "private_rt"
            },
            "timeouts": null,
            "vpc_id": "vpc-001da7bb6b6706e14"
          },
          "sensitive_attributes": [],
          "identity_schema_version": 0,
          "identity": {
            "account_id": "941624500176",
            "id": "rtb-06fbd2037ca0c51c2",
            "region": "eu-west-1"
          },
          "private": "eyJlMmJmYjczMC1lY2FhLTExZTYtOGY4OC0zNDM2M2JjN2M0YzAiOnsiY3JlYXRlIjozMDAwMDAwMDAwMDAsImRlbGV0ZSI6MzAwMDAwMDAwMDAwLCJ1cGRhdGUiOjEyMDAwMDAwMDAwMH19",
          "dependencies": [
            "aws_eip.proj_eip",
            "aws_internet_gateway.igw",
            "aws_nat_gateway.nat_gw",
            "aws_subnet.pub_sbn1",
            "aws_vpc.proj_vpc"
          ]
        }
      ]
    },
    {
      "mode": "managed",
      "type": "aws_route_table",
      "name": "public_rt",
      "provider": "provider[\"registry.terraform.io/hashicorp/aws\"]",
      "instances": [
        {
          "schema_version": 0,
          "attributes": {
            "arn": "arn:aws:ec2:eu-west-1:941624500176:route-table/rtb-01c85f2de3dba29d1",
            "id": "rtb-01c85f2de3dba29d1",
            "owner_id": "941624500176",
            "propagating_vgws": [],
            "region": "eu-west-1",
            "route": [
              {
                "carrier_gateway_id": "",
                "cidr_block": "0.0.0.0/0",
                "core_network_arn": "",
                "destination_prefix_list_id": "",
                "egress_only_gateway_id": "",
                "gateway_id": "igw-0fc918716e8327ca8",
                "ipv6_cidr_block": "",
                "local_gateway_id": "",
                "nat_gateway_id": "",
                "network_interface_id": "",
                "odb_network_arn": "",
                "transit_gateway_id": "",
                "vpc_endpoint_id": "",
                "vpc_peering_connection_id": ""
              }
            ],
            "tags": {
              "Name": "public_rt"
            },
            "tags_all": {
              "Name": "public_rt"
            },
            "timeouts": null,
            "vpc_id": "vpc-001da7bb6b6706e14"
          },
          "sensitive_attributes": [],
          "identity_schema_version": 0,
          "identity": {
            "account_id": "941624500176",
            "id": "rtb-01c85f2de3dba29d1",
            "region": "eu-west-1"
          },
          "private": "eyJlMmJmYjczMC1lY2FhLTExZTYtOGY4OC0zNDM2M2JjN2M0YzAiOnsiY3JlYXRlIjozMDAwMDAwMDAwMDAsImRlbGV0ZSI6MzAwMDAwMDAwMDAwLCJ1cGRhdGUiOjEyMDAwMDAwMDAwMH19",
          "dependencies": [
            "aws_internet_gateway.igw",
            "aws_vpc.proj_vpc"
          ]
        }
      ]
    },
    {
      "mode": "managed",
      "type": "aws_route_table_association",
      "name": "priv_rt_assc1",
      "provider": "provider[\"registry.terraform.io/hashicorp/aws\"]",
      "instances": [
        {
          "schema_version": 0,
          "attributes": {
            "gateway_id": "",
            "id": "rtbassoc-0c8105dea4050da56",
            "region": "eu-west-1",
            "route_table_id": "rtb-06fbd2037ca0c51c2",
            "subnet_id": "subnet-0e45bfa956039f4b7",
            "timeouts": null
          },
          "sensitive_attributes": [],
          "identity_schema_version": 0,
          "identity": {
            "account_id": "941624500176",
            "id": "rtbassoc-0c8105dea4050da56",
            "region": "eu-west-1"
          },
          "private": "eyJlMmJmYjczMC1lY2FhLTExZTYtOGY4OC0zNDM2M2JjN2M0YzAiOnsiY3JlYXRlIjozMDAwMDAwMDAwMDAsImRlbGV0ZSI6MzAwMDAwMDAwMDAwLCJ1cGRhdGUiOjEyMDAwMDAwMDAwMH19",
          "dependencies": [
            "aws_eip.proj_eip",
            "aws_internet_gateway.igw",
            "aws_nat_gateway.nat_gw",
            "aws_route_table.private_rt",
            "aws_subnet.priv_sbn1",
            "aws_subnet.pub_sbn1",
            "aws_vpc.proj_vpc"
          ]
        }
      ]
    },
    {
      "mode": "managed",
      "type": "aws_route_table_association",
      "name": "priv_rt_assc2",
      "provider": "provider[\"registry.terraform.io/hashicorp/aws\"]",
      "instances": [
        {
          "schema_version": 0,
          "attributes": {
            "gateway_id": "",
            "id": "rtbassoc-01caa685cc23dfab0",
            "region": "eu-west-1",
            "route_table_id": "rtb-06fbd2037ca0c51c2",
            "subnet_id": "subnet-0b6e84def23bb4eec",
            "timeouts": null
          },
          "sensitive_attributes": [],
          "identity_schema_version": 0,
          "identity": {
            "account_id": "941624500176",
            "id": "rtbassoc-01caa685cc23dfab0",
            "region": "eu-west-1"
          },
          "private": "eyJlMmJmYjczMC1lY2FhLTExZTYtOGY4OC0zNDM2M2JjN2M0YzAiOnsiY3JlYXRlIjozMDAwMDAwMDAwMDAsImRlbGV0ZSI6MzAwMDAwMDAwMDAwLCJ1cGRhdGUiOjEyMDAwMDAwMDAwMH19",
          "dependencies": [
            "aws_eip.proj_eip",
            "aws_internet_gateway.igw",
            "aws_nat_gateway.nat_gw",
            "aws_route_table.private_rt",
            "aws_subnet.priv_sbn2",
            "aws_subnet.pub_sbn1",
            "aws_vpc.proj_vpc"
          ]
        }
      ]
    },
    {
      "mode": "managed",
      "type": "aws_route_table_association",
      "name": "public_rt_assc1",
      "provider": "provider[\"registry.terraform.io/hashicorp/aws\"]",
      "instances": [
        {
          "schema_version": 0,
          "attributes": {
            "gateway_id": "",
            "id": "rtbassoc-0422c2094c433d25b",
            "region": "eu-west-1",
            "route_table_id": "rtb-01c85f2de3dba29d1",
            "subnet_id": "subnet-0b26d1b121c605b63",
            "timeouts": null
          },
          "sensitive_attributes": [],
          "identity_schema_version": 0,
          "identity": {
            "account_id": "941624500176",
            "id": "rtbassoc-0422c2094c433d25b",
            "region": "eu-west-1"
          },
          "private": "eyJlMmJmYjczMC1lY2FhLTExZTYtOGY4OC0zNDM2M2JjN2M0YzAiOnsiY3JlYXRlIjozMDAwMDAwMDAwMDAsImRlbGV0ZSI6MzAwMDAwMDAwMDAwLCJ1cGRhdGUiOjEyMDAwMDAwMDAwMH19",
          "dependencies": [
            "aws_internet_gateway.igw",
            "aws_route_table.public_rt",
            "aws_subnet.pub_sbn1",
            "aws_vpc.proj_vpc"
          ]
        }
      ]
    },
    {
      "mode": "managed",
      "type": "aws_route_table_association",
      "name": "public_rt_assc2",
      "provider": "provider[\"registry.terraform.io/hashicorp/aws\"]",
      "instances": [
        {
          "schema_version": 0,
          "attributes": {
            "gateway_id": "",
            "id": "rtbassoc-081a7426d493870fc",
            "region": "eu-west-1",
            "route_table_id": "rtb-01c85f2de3dba29d1",
            "subnet_id": "subnet-0be0ab416ec8f010c",
            "timeouts": null
          },
          "sensitive_attributes": [],
          "identity_schema_version": 0,
          "identity": {
            "account_id": "941624500176",
            "id": "rtbassoc-081a7426d493870fc",
            "region": "eu-west-1"
          },
          "private": "eyJlMmJmYjczMC1lY2FhLTExZTYtOGY4OC0zNDM2M2JjN2M0YzAiOnsiY3JlYXRlIjozMDAwMDAwMDAwMDAsImRlbGV0ZSI6MzAwMDAwMDAwMDAwLCJ1cGRhdGUiOjEyMDAwMDAwMDAwMH19",
          "dependencies": [
            "aws_internet_gateway.igw",
            "aws_route_table.public_rt",
            "aws_subnet.pub_sbn2",
            "aws_vpc.proj_vpc"
          ]
        }
      ]
    },
    {
      "mode": "managed",
      "type": "aws_s3_bucket",
      "name": "media_bucket",
      "provider": "provider[\"registry.terraform.io/hashicorp/aws\"]",
      "instances": [
        {
          "schema_version": 0,
          "attributes": {
            "acceleration_status": "",
            "acl": null,
            "arn": "arn:aws:s3:::proj-media-bucket-2034",
            "bucket": "proj-media-bucket-2034",
            "bucket_domain_name": "proj-media-bucket-2034.s3.amazonaws.com",
            "bucket_namespace": "global",
            "bucket_prefix": "",
            "bucket_region": "eu-west-1",
            "bucket_regional_domain_name": "proj-media-bucket-2034.s3.eu-west-1.amazonaws.com",
            "cors_rule": [],
            "force_destroy": false,
            "grant": [
              {
                "id": "51b3840fdae35735785914b2194ffd2f635a0d1415258f541de0ab03b9eafd53",
                "permissions": [
                  "FULL_CONTROL"
                ],
                "type": "CanonicalUser",
                "uri": ""
              }
            ],
            "hosted_zone_id": "Z1BKCTXD74EZPE",
            "id": "proj-media-bucket-2034",
            "lifecycle_rule": [],
            "logging": [],
            "object_lock_configuration": [],
            "object_lock_enabled": false,
            "policy": "",
            "region": "eu-west-1",
            "replication_configuration": [],
            "request_payer": "BucketOwner",
            "server_side_encryption_configuration": [
              {
                "rule": [
                  {
                    "apply_server_side_encryption_by_default": [
                      {
                        "kms_master_key_id": "",
                        "sse_algorithm": "AES256"
                      }
                    ],
                    "bucket_key_enabled": false
                  }
                ]
              }
            ],
            "tags": {
              "Environment": "prod",
              "Name": "media_bucket"
            },
            "tags_all": {
              "Environment": "prod",
              "Name": "media_bucket"
            },
            "timeouts": null,
            "versioning": [
              {
                "enabled": false,
                "mfa_delete": false
              }
            ],
            "website": [],
            "website_domain": null,
            "website_endpoint": null
          },
          "sensitive_attributes": [],
          "identity_schema_version": 0,
          "identity": {
            "account_id": "941624500176",
            "bucket": "proj-media-bucket-2034",
            "region": "eu-west-1"
          },
          "private": "eyJlMmJmYjczMC1lY2FhLTExZTYtOGY4OC0zNDM2M2JjN2M0YzAiOnsiY3JlYXRlIjoxMjAwMDAwMDAwMDAwLCJkZWxldGUiOjM2MDAwMDAwMDAwMDAsInJlYWQiOjEyMDAwMDAwMDAwMDAsInVwZGF0ZSI6MTIwMDAwMDAwMDAwMH19"
        }
      ]
    },
    {
      "mode": "managed",
      "type": "aws_s3_bucket",
      "name": "proj_code_bucket",
      "provider": "provider[\"registry.terraform.io/hashicorp/aws\"]",
      "instances": [
        {
          "schema_version": 0,
          "attributes": {
            "acceleration_status": "",
            "acl": null,
            "arn": "arn:aws:s3:::proj-code-bucket-1234",
            "bucket": "proj-code-bucket-1234",
            "bucket_domain_name": "proj-code-bucket-1234.s3.amazonaws.com",
            "bucket_namespace": "global",
            "bucket_prefix": "",
            "bucket_region": "eu-west-1",
            "bucket_regional_domain_name": "proj-code-bucket-1234.s3.eu-west-1.amazonaws.com",
            "cors_rule": [],
            "force_destroy": false,
            "grant": [
              {
                "id": "51b3840fdae35735785914b2194ffd2f635a0d1415258f541de0ab03b9eafd53",
                "permissions": [
                  "FULL_CONTROL"
                ],
                "type": "CanonicalUser",
                "uri": ""
              }
            ],
            "hosted_zone_id": "Z1BKCTXD74EZPE",
            "id": "proj-code-bucket-1234",
            "lifecycle_rule": [],
            "logging": [],
            "object_lock_configuration": [],
            "object_lock_enabled": false,
            "policy": "",
            "region": "eu-west-1",
            "replication_configuration": [],
            "request_payer": "BucketOwner",
            "server_side_encryption_configuration": [
              {
                "rule": [
                  {
                    "apply_server_side_encryption_by_default": [
                      {
                        "kms_master_key_id": "",
                        "sse_algorithm": "AES256"
                      }
                    ],
                    "bucket_key_enabled": false
                  }
                ]
              }
            ],
            "tags": {
              "Environment": "prod",
              "Name": "proj-code-bucket"
            },
            "tags_all": {
              "Environment": "prod",
              "Name": "proj-code-bucket"
            },
            "timeouts": null,
            "versioning": [
              {
                "enabled": false,
                "mfa_delete": false
              }
            ],
            "website": [],
            "website_domain": null,
            "website_endpoint": null
          },
          "sensitive_attributes": [],
          "identity_schema_version": 0,
          "identity": {
            "account_id": "941624500176",
            "bucket": "proj-code-bucket-1234",
            "region": "eu-west-1"
          },
          "private": "eyJlMmJmYjczMC1lY2FhLTExZTYtOGY4OC0zNDM2M2JjN2M0YzAiOnsiY3JlYXRlIjoxMjAwMDAwMDAwMDAwLCJkZWxldGUiOjM2MDAwMDAwMDAwMDAsInJlYWQiOjEyMDAwMDAwMDAwMDAsInVwZGF0ZSI6MTIwMDAwMDAwMDAwMH19"
        }
      ]
    },
    {
      "mode": "managed",
      "type": "aws_s3_bucket",
      "name": "proj_log_bucket",
      "provider": "provider[\"registry.terraform.io/hashicorp/aws\"]",
      "instances": [
        {
          "schema_version": 0,
          "attributes": {
            "acceleration_status": "",
            "acl": null,
            "arn": "arn:aws:s3:::proj-logs-bucket-2026",
            "bucket": "proj-logs-bucket-2026",
            "bucket_domain_name": "proj-logs-bucket-2026.s3.amazonaws.com",
            "bucket_namespace": "global",
            "bucket_prefix": "",
            "bucket_region": "eu-west-1",
            "bucket_regional_domain_name": "proj-logs-bucket-2026.s3.eu-west-1.amazonaws.com",
            "cors_rule": [],
            "force_destroy": false,
            "grant": [
              {
                "id": "51b3840fdae35735785914b2194ffd2f635a0d1415258f541de0ab03b9eafd53",
                "permissions": [
                  "FULL_CONTROL"
                ],
                "type": "CanonicalUser",
                "uri": ""
              }
            ],
            "hosted_zone_id": "Z1BKCTXD74EZPE",
            "id": "proj-logs-bucket-2026",
            "lifecycle_rule": [],
            "logging": [],
            "object_lock_configuration": [],
            "object_lock_enabled": false,
            "policy": "",
            "region": "eu-west-1",
            "replication_configuration": [],
            "request_payer": "BucketOwner",
            "server_side_encryption_configuration": [
              {
                "rule": [
                  {
                    "apply_server_side_encryption_by_default": [
                      {
                        "kms_master_key_id": "",
                        "sse_algorithm": "AES256"
                      }
                    ],
                    "bucket_key_enabled": false
                  }
                ]
              }
            ],
            "tags": {
              "Environment": "prod",
              "Name": "proj_log_bucket"
            },
            "tags_all": {
              "Environment": "prod",
              "Name": "proj_log_bucket"
            },
            "timeouts": null,
            "versioning": [
              {
                "enabled": false,
                "mfa_delete": false
              }
            ],
            "website": [],
            "website_domain": null,
            "website_endpoint": null
          },
          "sensitive_attributes": [],
          "identity_schema_version": 0,
          "identity": {
            "account_id": "941624500176",
            "bucket": "proj-logs-bucket-2026",
            "region": "eu-west-1"
          },
          "private": "eyJlMmJmYjczMC1lY2FhLTExZTYtOGY4OC0zNDM2M2JjN2M0YzAiOnsiY3JlYXRlIjoxMjAwMDAwMDAwMDAwLCJkZWxldGUiOjM2MDAwMDAwMDAwMDAsInJlYWQiOjEyMDAwMDAwMDAwMDAsInVwZGF0ZSI6MTIwMDAwMDAwMDAwMH19"
        }
      ]
    },
    {
      "mode": "managed",
      "type": "aws_s3_bucket_policy",
      "name": "media_bucket_policy",
      "provider": "provider[\"registry.terraform.io/hashicorp/aws\"]",
      "instances": [
        {
          "schema_version": 0,
          "attributes": {
            "bucket": "proj-media-bucket-2034",
            "id": "proj-media-bucket-2034",
            "policy": "{\"Statement\":[{\"Action\":\"s3:*\",\"Effect\":\"Allow\",\"Principal\":\"*\",\"Resource\":[\"arn:aws:s3:::proj-media-bucket-2034/*\",\"arn:aws:s3:::proj-media-bucket-2034\"]}],\"Version\":\"2012-10-17\"}",
            "region": "eu-west-1"
          },
          "sensitive_attributes": [],
          "identity_schema_version": 0,
          "identity": {
            "account_id": "941624500176",
            "bucket": "proj-media-bucket-2034",
            "region": "eu-west-1"
          },
          "private": "bnVsbA==",
          "dependencies": [
            "aws_s3_bucket.media_bucket",
            "data.aws_iam_policy_document.media_bucket_policy"
          ]
        }
      ]
    },
    {
      "mode": "managed",
      "type": "aws_s3_bucket_public_access_block",
      "name": "media_bucket",
      "provider": "provider[\"registry.terraform.io/hashicorp/aws\"]",
      "instances": [
        {
          "schema_version": 0,
          "attributes": {
            "block_public_acls": false,
            "block_public_policy": false,
            "bucket": "proj-media-bucket-2034",
            "id": "proj-media-bucket-2034",
            "ignore_public_acls": false,
            "region": "eu-west-1",
            "restrict_public_buckets": false,
            "skip_destroy": null
          },
          "sensitive_attributes": [],
          "identity_schema_version": 0,
          "identity": {
            "account_id": "941624500176",
            "bucket": "proj-media-bucket-2034",
            "region": "eu-west-1"
          },
          "private": "bnVsbA==",
          "dependencies": [
            "aws_s3_bucket.media_bucket"
          ]
        }
      ]
    },
    {
      "mode": "managed",
      "type": "aws_s3_bucket_public_access_block",
      "name": "proj-log-bucket",
      "provider": "provider[\"registry.terraform.io/hashicorp/aws\"]",
      "instances": [
        {
          "schema_version": 0,
          "attributes": {
            "block_public_acls": true,
            "block_public_policy": true,
            "bucket": "proj-logs-bucket-2026",
            "id": "proj-logs-bucket-2026",
            "ignore_public_acls": true,
            "region": "eu-west-1",
            "restrict_public_buckets": true,
            "skip_destroy": null
          },
          "sensitive_attributes": [],
          "identity_schema_version": 0,
          "identity": {
            "account_id": "941624500176",
            "bucket": "proj-logs-bucket-2026",
            "region": "eu-west-1"
          },
          "private": "bnVsbA==",
          "dependencies": [
            "aws_s3_bucket.proj_log_bucket"
          ]
        }
      ]
    },
    {
      "mode": "managed",
      "type": "aws_s3_bucket_public_access_block",
      "name": "public_access",
      "provider": "provider[\"registry.terraform.io/hashicorp/aws\"]",
      "instances": [
        {
          "schema_version": 0,
          "attributes": {
            "block_public_acls": true,
            "block_public_policy": true,
            "bucket": "proj-code-bucket-1234",
            "id": "proj-code-bucket-1234",
            "ignore_public_acls": true,
            "region": "eu-west-1",
            "restrict_public_buckets": true,
            "skip_destroy": null
          },
          "sensitive_attributes": [],
          "identity_schema_version": 0,
          "identity": {
            "account_id": "941624500176",
            "bucket": "proj-code-bucket-1234",
            "region": "eu-west-1"
          },
          "private": "bnVsbA==",
          "dependencies": [
            "aws_s3_bucket.proj_code_bucket"
          ]
        }
      ]
    },
    {
      "mode": "managed",
      "type": "aws_security_group",
      "name": "sg_backend",
      "provider": "provider[\"registry.terraform.io/hashicorp/aws\"]",
      "instances": [
        {
          "schema_version": 1,
          "attributes": {
            "arn": "arn:aws:ec2:eu-west-1:941624500176:security-group/sg-0e3d942899840e303",
            "description": "database backend-sg",
            "egress": [
              {
                "cidr_blocks": [
                  "0.0.0.0/0"
                ],
                "description": "",
                "from_port": 0,
                "ipv6_cidr_blocks": [],
                "prefix_list_ids": [],
                "protocol": "-1",
                "security_groups": [],
                "self": false,
                "to_port": 0
              }
            ],
            "id": "sg-0e3d942899840e303",
            "ingress": [
              {
                "cidr_blocks": [],
                "description": "MySQL-Aurora from frontend-sg",
                "from_port": 3306,
                "ipv6_cidr_blocks": [],
                "prefix_list_ids": [],
                "protocol": "tcp",
                "security_groups": [
                  "sg-0ce84d1d741dc4c19"
                ],
                "self": false,
                "to_port": 3306
              }
            ],
            "name": "sg_backend",
            "name_prefix": "",
            "owner_id": "941624500176",
            "region": "eu-west-1",
            "revoke_rules_on_delete": false,
            "tags": {
              "Name": "sg_backend"
            },
            "tags_all": {
              "Name": "sg_backend"
            },
            "timeouts": null,
            "vpc_id": "vpc-001da7bb6b6706e14"
          },
          "sensitive_attributes": [],
          "identity_schema_version": 0,
          "identity": {
            "account_id": "941624500176",
            "id": "sg-0e3d942899840e303",
            "region": "eu-west-1"
          },
          "private": "eyJlMmJmYjczMC1lY2FhLTExZTYtOGY4OC0zNDM2M2JjN2M0YzAiOnsiY3JlYXRlIjo2MDAwMDAwMDAwMDAsImRlbGV0ZSI6OTAwMDAwMDAwMDAwfSwic2NoZW1hX3ZlcnNpb24iOiIxIn0=",
          "dependencies": [
            "aws_security_group.web-sg-fe",
            "aws_vpc.proj_vpc"
          ]
        }
      ]
    },
    {
      "mode": "managed",
      "type": "aws_security_group",
      "name": "web-sg-fe",
      "provider": "provider[\"registry.terraform.io/hashicorp/aws\"]",
      "instances": [
        {
          "schema_version": 1,
          "attributes": {
            "arn": "arn:aws:ec2:eu-west-1:941624500176:security-group/sg-0ce84d1d741dc4c19",
            "description": "Security group for web server",
            "egress": [
              {
                "cidr_blocks": [
                  "0.0.0.0/0"
                ],
                "description": "Allow all outbound traffic",
                "from_port": 0,
                "ipv6_cidr_blocks": [],
                "prefix_list_ids": [],
                "protocol": "-1",
                "security_groups": [],
                "self": false,
                "to_port": 0
              }
            ],
            "id": "sg-0ce84d1d741dc4c19",
            "ingress": [
              {
                "cidr_blocks": [
                  "0.0.0.0/0"
                ],
                "description": "HTTP",
                "from_port": 80,
                "ipv6_cidr_blocks": [],
                "prefix_list_ids": [],
                "protocol": "tcp",
                "security_groups": [],
                "self": false,
                "to_port": 80
              },
              {
                "cidr_blocks": [
                  "0.0.0.0/0"
                ],
                "description": "HTTPS",
                "from_port": 443,
                "ipv6_cidr_blocks": [],
                "prefix_list_ids": [],
                "protocol": "tcp",
                "security_groups": [],
                "self": false,
                "to_port": 443
              },
              {
                "cidr_blocks": [
                  "0.0.0.0/0"
                ],
                "description": "SSH",
                "from_port": 22,
                "ipv6_cidr_blocks": [],
                "prefix_list_ids": [],
                "protocol": "tcp",
                "security_groups": [],
                "self": false,
                "to_port": 22
              }
            ],
            "name": "web-sg-fe",
            "name_prefix": "",
            "owner_id": "941624500176",
            "region": "eu-west-1",
            "revoke_rules_on_delete": false,
            "tags": {
              "Name": "web-sg-fe"
            },
            "tags_all": {
              "Name": "web-sg-fe"
            },
            "timeouts": null,
            "vpc_id": "vpc-001da7bb6b6706e14"
          },
          "sensitive_attributes": [],
          "identity_schema_version": 0,
          "identity": {
            "account_id": "941624500176",
            "id": "sg-0ce84d1d741dc4c19",
            "region": "eu-west-1"
          },
          "private": "eyJlMmJmYjczMC1lY2FhLTExZTYtOGY4OC0zNDM2M2JjN2M0YzAiOnsiY3JlYXRlIjo2MDAwMDAwMDAwMDAsImRlbGV0ZSI6OTAwMDAwMDAwMDAwfSwic2NoZW1hX3ZlcnNpb24iOiIxIn0=",
          "dependencies": [
            "aws_vpc.proj_vpc"
          ]
        }
      ]
    },
    {
      "mode": "managed",
      "type": "aws_subnet",
      "name": "priv_sbn1",
      "provider": "provider[\"registry.terraform.io/hashicorp/aws\"]",
      "instances": [
        {
          "schema_version": 1,
          "attributes": {
            "arn": "arn:aws:ec2:eu-west-1:941624500176:subnet/subnet-0e45bfa956039f4b7",
            "assign_ipv6_address_on_creation": false,
            "availability_zone": "eu-west-1a",
            "availability_zone_id": "euw1-az1",
            "cidr_block": "10.0.3.0/24",
            "customer_owned_ipv4_pool": "",
            "enable_dns64": false,
            "enable_lni_at_device_index": 0,
            "enable_resource_name_dns_a_record_on_launch": false,
            "enable_resource_name_dns_aaaa_record_on_launch": false,
            "id": "subnet-0e45bfa956039f4b7",
            "ipv4_ipam_pool_id": null,
            "ipv4_netmask_length": null,
            "ipv6_cidr_block": "",
            "ipv6_cidr_block_association_id": "",
            "ipv6_ipam_pool_id": null,
            "ipv6_native": false,
            "ipv6_netmask_length": null,
            "map_customer_owned_ip_on_launch": false,
            "map_public_ip_on_launch": false,
            "outpost_arn": "",
            "owner_id": "941624500176",
            "private_dns_hostname_type_on_launch": "ip-name",
            "region": "eu-west-1",
            "tags": {
              "Name": "priv_sbn1"
            },
            "tags_all": {
              "Name": "priv_sbn1"
            },
            "timeouts": null,
            "vpc_id": "vpc-001da7bb6b6706e14"
          },
          "sensitive_attributes": [],
          "identity_schema_version": 0,
          "identity": {
            "account_id": "941624500176",
            "id": "subnet-0e45bfa956039f4b7",
            "region": "eu-west-1"
          },
          "private": "eyJlMmJmYjczMC1lY2FhLTExZTYtOGY4OC0zNDM2M2JjN2M0YzAiOnsiY3JlYXRlIjo2MDAwMDAwMDAwMDAsImRlbGV0ZSI6MTIwMDAwMDAwMDAwMH0sInNjaGVtYV92ZXJzaW9uIjoiMSJ9",
          "dependencies": [
            "aws_vpc.proj_vpc"
          ]
        }
      ]
    },
    {
      "mode": "managed",
      "type": "aws_subnet",
      "name": "priv_sbn2",
      "provider": "provider[\"registry.terraform.io/hashicorp/aws\"]",
      "instances": [
        {
          "schema_version": 1,
          "attributes": {
            "arn": "arn:aws:ec2:eu-west-1:941624500176:subnet/subnet-0b6e84def23bb4eec",
            "assign_ipv6_address_on_creation": false,
            "availability_zone": "eu-west-1b",
            "availability_zone_id": "euw1-az2",
            "cidr_block": "10.0.4.0/24",
            "customer_owned_ipv4_pool": "",
            "enable_dns64": false,
            "enable_lni_at_device_index": 0,
            "enable_resource_name_dns_a_record_on_launch": false,
            "enable_resource_name_dns_aaaa_record_on_launch": false,
            "id": "subnet-0b6e84def23bb4eec",
            "ipv4_ipam_pool_id": null,
            "ipv4_netmask_length": null,
            "ipv6_cidr_block": "",
            "ipv6_cidr_block_association_id": "",
            "ipv6_ipam_pool_id": null,
            "ipv6_native": false,
            "ipv6_netmask_length": null,
            "map_customer_owned_ip_on_launch": false,
            "map_public_ip_on_launch": false,
            "outpost_arn": "",
            "owner_id": "941624500176",
            "private_dns_hostname_type_on_launch": "ip-name",
            "region": "eu-west-1",
            "tags": {
              "Name": "priv_sbn2"
            },
            "tags_all": {
              "Name": "priv_sbn2"
            },
            "timeouts": null,
            "vpc_id": "vpc-001da7bb6b6706e14"
          },
          "sensitive_attributes": [],
          "identity_schema_version": 0,
          "identity": {
            "account_id": "941624500176",
            "id": "subnet-0b6e84def23bb4eec",
            "region": "eu-west-1"
          },
          "private": "eyJlMmJmYjczMC1lY2FhLTExZTYtOGY4OC0zNDM2M2JjN2M0YzAiOnsiY3JlYXRlIjo2MDAwMDAwMDAwMDAsImRlbGV0ZSI6MTIwMDAwMDAwMDAwMH0sInNjaGVtYV92ZXJzaW9uIjoiMSJ9",
          "dependencies": [
            "aws_vpc.proj_vpc"
          ]
        }
      ]
    },
    {
      "mode": "managed",
      "type": "aws_subnet",
      "name": "pub_sbn1",
      "provider": "provider[\"registry.terraform.io/hashicorp/aws\"]",
      "instances": [
        {
          "schema_version": 1,
          "attributes": {
            "arn": "arn:aws:ec2:eu-west-1:941624500176:subnet/subnet-0b26d1b121c605b63",
            "assign_ipv6_address_on_creation": false,
            "availability_zone": "eu-west-1a",
            "availability_zone_id": "euw1-az1",
            "cidr_block": "10.0.1.0/24",
            "customer_owned_ipv4_pool": "",
            "enable_dns64": false,
            "enable_lni_at_device_index": 0,
            "enable_resource_name_dns_a_record_on_launch": false,
            "enable_resource_name_dns_aaaa_record_on_launch": false,
            "id": "subnet-0b26d1b121c605b63",
            "ipv4_ipam_pool_id": null,
            "ipv4_netmask_length": null,
            "ipv6_cidr_block": "",
            "ipv6_cidr_block_association_id": "",
            "ipv6_ipam_pool_id": null,
            "ipv6_native": false,
            "ipv6_netmask_length": null,
            "map_customer_owned_ip_on_launch": false,
            "map_public_ip_on_launch": false,
            "outpost_arn": "",
            "owner_id": "941624500176",
            "private_dns_hostname_type_on_launch": "ip-name",
            "region": "eu-west-1",
            "tags": {
              "Name": "pub_sbn1"
            },
            "tags_all": {
              "Name": "pub_sbn1"
            },
            "timeouts": null,
            "vpc_id": "vpc-001da7bb6b6706e14"
          },
          "sensitive_attributes": [],
          "identity_schema_version": 0,
          "identity": {
            "account_id": "941624500176",
            "id": "subnet-0b26d1b121c605b63",
            "region": "eu-west-1"
          },
          "private": "eyJlMmJmYjczMC1lY2FhLTExZTYtOGY4OC0zNDM2M2JjN2M0YzAiOnsiY3JlYXRlIjo2MDAwMDAwMDAwMDAsImRlbGV0ZSI6MTIwMDAwMDAwMDAwMH0sInNjaGVtYV92ZXJzaW9uIjoiMSJ9",
          "dependencies": [
            "aws_vpc.proj_vpc"
          ]
        }
      ]
    },
    {
      "mode": "managed",
      "type": "aws_subnet",
      "name": "pub_sbn2",
      "provider": "provider[\"registry.terraform.io/hashicorp/aws\"]",
      "instances": [
        {
          "schema_version": 1,
          "attributes": {
            "arn": "arn:aws:ec2:eu-west-1:941624500176:subnet/subnet-0be0ab416ec8f010c",
            "assign_ipv6_address_on_creation": false,
            "availability_zone": "eu-west-1b",
            "availability_zone_id": "euw1-az2",
            "cidr_block": "10.0.2.0/24",
            "customer_owned_ipv4_pool": "",
            "enable_dns64": false,
            "enable_lni_at_device_index": 0,
            "enable_resource_name_dns_a_record_on_launch": false,
            "enable_resource_name_dns_aaaa_record_on_launch": false,
            "id": "subnet-0be0ab416ec8f010c",
            "ipv4_ipam_pool_id": null,
            "ipv4_netmask_length": null,
            "ipv6_cidr_block": "",
            "ipv6_cidr_block_association_id": "",
            "ipv6_ipam_pool_id": null,
            "ipv6_native": false,
            "ipv6_netmask_length": null,
            "map_customer_owned_ip_on_launch": false,
            "map_public_ip_on_launch": false,
            "outpost_arn": "",
            "owner_id": "941624500176",
            "private_dns_hostname_type_on_launch": "ip-name",
            "region": "eu-west-1",
            "tags": {
              "Name": "pub_sbn2"
            },
            "tags_all": {
              "Name": "pub_sbn2"
            },
            "timeouts": null,
            "vpc_id": "vpc-001da7bb6b6706e14"
          },
          "sensitive_attributes": [],
          "identity_schema_version": 0,
          "identity": {
            "account_id": "941624500176",
            "id": "subnet-0be0ab416ec8f010c",
            "region": "eu-west-1"
          },
          "private": "eyJlMmJmYjczMC1lY2FhLTExZTYtOGY4OC0zNDM2M2JjN2M0YzAiOnsiY3JlYXRlIjo2MDAwMDAwMDAwMDAsImRlbGV0ZSI6MTIwMDAwMDAwMDAwMH0sInNjaGVtYV92ZXJzaW9uIjoiMSJ9",
          "dependencies": [
            "aws_vpc.proj_vpc"
          ]
        }
      ]
    },
    {
      "mode": "managed",
      "type": "aws_vpc",
      "name": "proj_vpc",
      "provider": "provider[\"registry.terraform.io/hashicorp/aws\"]",
      "instances": [
        {
          "schema_version": 1,
          "attributes": {
            "arn": "arn:aws:ec2:eu-west-1:941624500176:vpc/vpc-001da7bb6b6706e14",
            "assign_generated_ipv6_cidr_block": false,
            "cidr_block": "10.0.0.0/16",
            "default_network_acl_id": "acl-0f755f172936840f3",
            "default_route_table_id": "rtb-0da1187cdab2a2e72",
            "default_security_group_id": "sg-0e0a1c15e0ae0e9a2",
            "dhcp_options_id": "dopt-0009874ca1937d087",
            "enable_dns_hostnames": false,
            "enable_dns_support": true,
            "enable_network_address_usage_metrics": false,
            "id": "vpc-001da7bb6b6706e14",
            "instance_tenancy": "default",
            "ipv4_ipam_pool_id": null,
            "ipv4_netmask_length": null,
            "ipv6_association_id": "",
            "ipv6_cidr_block": "",
            "ipv6_cidr_block_network_border_group": "",
            "ipv6_ipam_pool_id": "",
            "ipv6_netmask_length": 0,
            "main_route_table_id": "rtb-0da1187cdab2a2e72",
            "owner_id": "941624500176",
            "region": "eu-west-1",
            "tags": {
              "Name": "proj_vpc"
            },
            "tags_all": {
              "Name": "proj_vpc"
            }
          },
          "sensitive_attributes": [],
          "identity_schema_version": 0,
          "identity": {
            "account_id": "941624500176",
            "id": "vpc-001da7bb6b6706e14",
            "region": "eu-west-1"
          },
          "private": "eyJzY2hlbWFfdmVyc2lvbiI6IjEifQ=="
        }
      ]
    },
    {
      "mode": "managed",
      "type": "local_file",
      "name": "key",
      "provider": "provider[\"registry.terraform.io/hashicorp/local\"]",
      "instances": [
        {
          "schema_version": 0,
          "attributes": {
            "content": "-----BEGIN RSA PRIVATE KEY-----\nMIIJKAIBAAKCAgEAuuOlIWWwV6J18gsQzZa5El5DvHUSNiU31xWIi+adptQ+1+bR\njD2z+koUlcNciFKUb1pvOS9JtZcA14FCBnKAkZ6gPmHpoYJNYVHHZY3iSngGeLdZ\nNcIaDLtCvvJaXUwhjNohPBBKvg9utLyWK+qvW+2LJvr2+pN7Y8G5Diad218kSwFz\n0fxWAoGAbNS8xjHOIkYfQx8z1BmD0sj3CUi15wx8u+2ejDuhlD9bsvxWZeWnWLVU\nDDZoCrwG49VpV10eDIOO44Gifs+6Ki0bzhAPjYDq21OcIuxcXXELDwDpx4aJy+bP\nN+LSDBh4ClsgXy4t2lOsTvP1VzqjyJw+JmxqX2xNyweaEi/DJghh1RNw9ZwQLXxZ\nOUh3ZSYmBGAFg+LgnvTpYKEKbQvXerfXEPrPs8d9zF7rn90X0JDWF4odUn4DIWH2\n6O8usseP7TAVKx7V2J7FDKR22t8HlphJBcMHe7jkuFdSkmwgGs5zLMABC06hXPNI\nslHwNeWc3XOJVPP3FUHdIgYAgQmPpDk2mNNwl5J8HzjIY1/5GzM2T8j1YMunr1Wm\nnwly/VSHobk+joOwle5+oHVZAMDBf/GX7/dRhh6+NDnzn9JvpcWdsl66UvScvJSG\nBKMrh55OtQruK6fNGsVZ31bLs+bRekIwTFRj8aSzDLIIJUfL7LZbXsPs85MCAwEA\nAQKCAgAnWITr7pI9KPVm42CCwAAvt0vQcd9HKffDHwPz3DYFqPqgDrbALT9matFB\npHMnOieI+AOhiOyeP+/L7ykc3V9nCPvYllmPCLVMz2BI56GkJvfJ02QDNt2wH36S\nX8iZis0nb8b+c7mgoPQgNfHxxgNsOasJpl137LPWETNqIMQsKrAj4GbnZxYeifAl\nOXaSzWqF+bhcM8YAGe0QZAHqYPX28kCSehjekjFW2i3ulUSFSF++g9JxjcTCucpD\njisS2wZYARyElkbFJuudNIj9jZEQq/sF+OjOy284tvNqkbkmKhN5q5qlu+mX5VDk\ncUHz9+9sXyBQMPlOh4hy1D4bbcjI+PCCEaCDfJF3KOZcbjYnougSIu5cERoa61kU\nvU3mMt5skPwSLvV7gt9IHW58Ty2hPKUJNZQDhTiMnVTNjqpKqqmRzlxKgKRgCeV0\nFUx6133VebLE3ApvAQBlB793M6tZkgKvX/aO6Cr9H8b5AMLu2PEThHYAW5RPZETr\ni0zCktkU6je0TNnOdPpyCln2GsCN9i/5BOBHaq/9tbeAwOvFuquCggCYXm2AJiwI\n9esqkCG+L4o+d2yZWiNCMToUiWFp4J6vZqOxVFo3ebEd6cGd4iMdCWuodiBwqU7O\nanCKDaDlXwSvOFWHYpUX0tnFw0H5BMBM7uFUC5Ir2L40TSqWDQKCAQEAzubYXSUz\noPRyUJmrcyQfQ5/UoBMa8ArWahVT1zTWGHrLbgw8ubQoTSfuaZyb6dor0zv6Afc/\nZKU/pYIvKyWCXpdVWSaO7Rg/iuNCX0g+xs+DfF2KLPzugTflpi+WUGhRmr9Z8SCR\n6dWTHNlFXnMtucn8ESYEnVxQLKxlMP6UPkDouLmvhEsqlfSF5STBWTOPKo5PptVa\n4ZQ/Uui/weukx+l7f0A/BSVqGsFAaj+lPvgxt5MXv4/ZVVmvDSgDZK6ZVpmdRdw0\n78A7LtoNRiI7nV/nCLs8tokzdid2s77IhscXs7B7lMOYUqucyweL2o5G0gFgtjKE\nC6LTQwB2pp6jPQKCAQEA5z0NeVeiosqDi3JOhQYoh5cYtawVIk7QoV2o2ux2q7T/\nbW7S5V3/MpQR2DtVijFQXGopOND+C8ZjIUZ6AwkLJ0Y8Hvc01hbFgDPE6qLIxrS0\nWBYHPkchc22+W4+UVKyq3f2QJjQZ2+GoLVFqxtn0Lr+2ph82WG9dadGlRv+lVyz4\njQX5SrPpoGgVybr7SG1Q3U2l60NgT5MPewMkiSqn5y8N7mgvvRhJTZGXXeRvU1ER\nMGPsDgl8MrPC0b+I6QZxuwFmxZMb4aB0p/1wXiJfR486ySpYkRSudtnea7AuOApv\n6KpXPiwlHQpVI+7cavWMHwKlz6cBOfeW4LihwCEfDwKCAQA2Iin7/O7MLwj1068L\nGilf7SKZm0YSBhPhf6EHDpjxoLc3HNaKk/tzbH4xfbtBbUbIJsob14/rilzjtfMX\na+H3U8sN30vH9u8xLJLCEUnzhHnXgTXU3XydrH1WhN7kPNcVEPm8YBQtRScPhj1j\nH+mX0aQ07GiKr4t+lMCJGCK7QwpgwpyMlYoX3/lkYcCA0T+lF8T5VptHqB0FWUZK\nu5fKgmlAexPCCe7//w4Wfn6Cwjdn24F8Kmvnq+ZkH9L7db9C7EA89geXrwkNEhok\n/nHwlBYDr9GLxMwFHwAsuT8IHHE0H3nGC4MAJkyIxnmt/knDSn7+TKtFzB1QS3+/\nyoPVAoIBAGKxIQYQDB7Uti4W/EI0LaopJ+ep6V86Kjsk4UOGtuN0HaxUJ3izlI6+\nuZsDP+/6OiUnPi68rCDUbEywarTO8E6z4EcLFSbmkyazcbD/Bxgf2fTaef7vluxQ\nA3XKovE8vLSAWzyi8gJxnjixThROw7QMKOVf3u8BoOngC11xEN1TGUX/LbXfca//\nnIT74/G2jlPVpyHxILL1vh6vabGNXhoCcDy3hOB89BRCNkthis4RhHeVvhMDo1l0\ndYrV55YlJPc+kuFyduzmccOdHI9gti+xhtKC20gYfpnFRPPLPv62Has8wH2Nk82A\nMnRipvqTkFlP5PrqeVCHRoLk6kw5FqsCggEBALxQd+jErinwwRz31Ut2lkhHPKux\nWLjEwOBBuAsU4bLOmgNvSgGeCg5ZSvw3/oGuurEe+53F15E3c6fjT0gfdtIFsTaI\njq/c6uPR9YK6sb3eqCrBHD+0UbG7w8Fh/KJrp0+Z21lq2Tu6k61Tr/IAQCSyIZv7\nY5ruXLqr3714Iu5XffGZWk5Qr+cP8JJ+pdziki19AL8A8GQFxBtqaP2MuOx3UU7T\nlz99LzgnU1kbLBj+uOyDskEMbvMDdOM9xPmYaCpbaE6WVM731ofl8/K4AB+YSH+T\n1P3dXV4ccKRy5yjdrjc14jy8RanT2ZozGCXuvcDcUDwe+W6FH/wUyBkI3uw=\n-----END RSA PRIVATE KEY-----\n",
            "content_base64": null,
            "content_base64sha256": "iqxFk2+wxygQ1RaIbIlcl7x58jWMEG8FWusK8NB9boM=",
            "content_base64sha512": "oul6NOyEwELdHVuNd9AV6Byr3tKw6bBKkDvJh8aoryZm9MjIG2seG49EG7HCjdv5o26IUHWyqtlinOhHnr/BqA==",
            "content_md5": "201f18fd0e22ecb8a361349015c13bce",
            "content_sha1": "f91cc60a3b1db5d6939ce57cf57210bd2737ad26",
            "content_sha256": "8aac45936fb0c72810d516886c895c97bc79f2358c106f055aeb0af0d07d6e83",
            "content_sha512": "a2e97a34ec84c042dd1d5b8d77d015e81cabded2b0e9b04a903bc987c6a8af2666f4c8c81b6b1e1b8f441bb1c28ddbf9a36e885075b2aad9629ce8479ebfc1a8",
            "directory_permission": "0777",
            "file_permission": "400",
            "filename": "proj-key",
            "id": "f91cc60a3b1db5d6939ce57cf57210bd2737ad26",
            "sensitive_content": null,
            "source": null
          },
          "sensitive_attributes": [
            [
              {
                "type": "get_attr",
                "value": "content"
              }
            ],
            [
              {
                "type": "get_attr",
                "value": "sensitive_content"
              }
            ]
          ],
          "identity_schema_version": 0,
          "dependencies": [
            "tls_private_key.key"
          ]
        }
      ]
    },
    {
      "mode": "managed",
      "type": "tls_private_key",
      "name": "key",
      "provider": "provider[\"registry.terraform.io/hashicorp/tls\"]",
      "instances": [
        {
          "schema_version": 1,
          "attributes": {
            "algorithm": "RSA",
            "ecdsa_curve": "P224",
            "id": "341c995c1227ac201be764788f537f77eecb4d3b",
            "private_key_openssh": "-----BEGIN OPENSSH PRIVATE KEY-----\nb3BlbnNzaC1rZXktdjEAAAAABG5vbmUAAAAEbm9uZQAAAAAAAAABAAACFwAAAAdz\nc2gtcnNhAAAAAwEAAQAAAgEAuuOlIWWwV6J18gsQzZa5El5DvHUSNiU31xWIi+ad\nptQ+1+bRjD2z+koUlcNciFKUb1pvOS9JtZcA14FCBnKAkZ6gPmHpoYJNYVHHZY3i\nSngGeLdZNcIaDLtCvvJaXUwhjNohPBBKvg9utLyWK+qvW+2LJvr2+pN7Y8G5Diad\n218kSwFz0fxWAoGAbNS8xjHOIkYfQx8z1BmD0sj3CUi15wx8u+2ejDuhlD9bsvxW\nZeWnWLVUDDZoCrwG49VpV10eDIOO44Gifs+6Ki0bzhAPjYDq21OcIuxcXXELDwDp\nx4aJy+bPN+LSDBh4ClsgXy4t2lOsTvP1VzqjyJw+JmxqX2xNyweaEi/DJghh1RNw\n9ZwQLXxZOUh3ZSYmBGAFg+LgnvTpYKEKbQvXerfXEPrPs8d9zF7rn90X0JDWF4od\nUn4DIWH26O8usseP7TAVKx7V2J7FDKR22t8HlphJBcMHe7jkuFdSkmwgGs5zLMAB\nC06hXPNIslHwNeWc3XOJVPP3FUHdIgYAgQmPpDk2mNNwl5J8HzjIY1/5GzM2T8j1\nYMunr1Wmnwly/VSHobk+joOwle5+oHVZAMDBf/GX7/dRhh6+NDnzn9JvpcWdsl66\nUvScvJSGBKMrh55OtQruK6fNGsVZ31bLs+bRekIwTFRj8aSzDLIIJUfL7LZbXsPs\n85MAAAc4LePmSy3j5ksAAAAHc3NoLXJzYQAAAgEAuuOlIWWwV6J18gsQzZa5El5D\nvHUSNiU31xWIi+adptQ+1+bRjD2z+koUlcNciFKUb1pvOS9JtZcA14FCBnKAkZ6g\nPmHpoYJNYVHHZY3iSngGeLdZNcIaDLtCvvJaXUwhjNohPBBKvg9utLyWK+qvW+2L\nJvr2+pN7Y8G5Diad218kSwFz0fxWAoGAbNS8xjHOIkYfQx8z1BmD0sj3CUi15wx8\nu+2ejDuhlD9bsvxWZeWnWLVUDDZoCrwG49VpV10eDIOO44Gifs+6Ki0bzhAPjYDq\n21OcIuxcXXELDwDpx4aJy+bPN+LSDBh4ClsgXy4t2lOsTvP1VzqjyJw+JmxqX2xN\nyweaEi/DJghh1RNw9ZwQLXxZOUh3ZSYmBGAFg+LgnvTpYKEKbQvXerfXEPrPs8d9\nzF7rn90X0JDWF4odUn4DIWH26O8usseP7TAVKx7V2J7FDKR22t8HlphJBcMHe7jk\nuFdSkmwgGs5zLMABC06hXPNIslHwNeWc3XOJVPP3FUHdIgYAgQmPpDk2mNNwl5J8\nHzjIY1/5GzM2T8j1YMunr1Wmnwly/VSHobk+joOwle5+oHVZAMDBf/GX7/dRhh6+\nNDnzn9JvpcWdsl66UvScvJSGBKMrh55OtQruK6fNGsVZ31bLs+bRekIwTFRj8aSz\nDLIIJUfL7LZbXsPs85MAAAADAQABAAACACdYhOvukj0o9WbjYILAAC+3S9Bx30cp\n98MfA/PcNgWo+qAOtsAtP2Zq0UGkcyc6J4j4A6GI7J4/78vvKRzdX2cI+9iWWY8I\ntUzPYEjnoaQm98nTZAM23bAffpJfyJmKzSdvxv5zuaCg9CA18fHGA2w5qwmmXXfs\ns9YRM2ogxCwqsCPgZudnFh6J8CU5dpLNaoX5uFwzxgAZ7RBkAepg9fbyQJJ6GN6S\nMVbaLe6VRIVIX76D0nGNxMK5ykOOKxLbBlgBHISWRsUm6500iP2NkRCr+wX46M7L\nbzi282qRuSYqE3mrmqW76ZflUORxQfP372xfIFAw+U6HiHLUPhttyMj48IIRoIN8\nkXco5lxuNiei6BIi7lwRGhrrWRS9TeYy3myQ/BIu9XuC30gdbnxPLaE8pQk1lAOF\nOIydVM2OqkqqqZHOXEqApGAJ5XQVTHrXfdV5ssTcCm8BAGUHv3czq1mSAq9f9o7o\nKv0fxvkAwu7Y8ROEdgBblE9kROuLTMKS2RTqN7RM2c50+nIKWfYawI32L/kE4Edq\nr/21t4DA68W6q4KCAJhebYAmLAj16yqQIb4vij53bJlaI0IxOhSJYWngnq9mo7FU\nWjd5sR3pwZ3iIx0Ja6h2IHCpTs5qcIoNoOVfBK84VYdilRfS2cXDQfkEwEzu4VQL\nkivYvjRNKpYNAAABAQC8UHfoxK4p8MEc99VLdpZIRzyrsVi4xMDgQbgLFOGyzpoD\nb0oBngoOWUr8N/6BrrqxHvudxdeRN3On409IH3bSBbE2iI6v3Orj0fWCurG93qgq\nwRw/tFGxu8PBYfyia6dPmdtZatk7upOtU6/yAEAksiGb+2Oa7ly6q9+9eCLuV33x\nmVpOUK/nD/CSfqXc4pItfQC/APBkBcQbamj9jLjsd1FO05c/fS84J1NZGywY/rjs\ng7JBDG7zA3TjPcT5mGgqW2hOllTO99aH5fPyuAAfmEh/k9T93V1eHHCkcuco3a43\nNeI8vEWp09maMxgl7r3A3FA8HvluhR/8FMgZCN7sAAABAQDO5thdJTOg9HJQmatz\nJB9Dn9SgExrwCtZqFVPXNNYYestuDDy5tChNJ+5pnJvp2ivTO/oB9z9kpT+lgi8r\nJYJel1VZJo7tGD+K40JfSD7Gz4N8XYos/O6BN+WmL5ZQaFGav1nxIJHp1ZMc2UVe\ncy25yfwRJgSdXFAsrGUw/pQ+QOi4ua+ESyqV9IXlJMFZM48qjk+m1VrhlD9S6L/B\n66TH6Xt/QD8FJWoawUBqP6U++DG3kxe/j9lVWa8NKANkrplWmZ1F3DTvwDsu2g1G\nIjudX+cIuzy2iTN2J3azvsiGxxezsHuUw5hSq5zLB4vajkbSAWC2MoQLotNDAHam\nnqM9AAABAQDnPQ15V6KiyoOLck6FBiiHlxi1rBUiTtChXaja7HartP9tbtLlXf8y\nlBHYO1WKMVBcaik40P4LxmMhRnoDCQsnRjwe9zTWFsWAM8TqosjGtLRYFgc+RyFz\nbb5bj5RUrKrd/ZAmNBnb4agtUWrG2fQuv7amHzZYb11p0aVG/6VXLPiNBflKs+mg\naBXJuvtIbVDdTaXrQ2BPkw97AySJKqfnLw3uaC+9GElNkZdd5G9TUREwY+wOCXwy\ns8LRv4jpBnG7AWbFkxvhoHSn/XBeIl9HjzrJKliRFK522d5rsC44Cm/oqlc+LCUd\nClUj7txq9YwfAqXPpwE595bguKHAIR8PAAAAAAEC\n-----END OPENSSH PRIVATE KEY-----\n",
            "private_key_pem": "-----BEGIN RSA PRIVATE KEY-----\nMIIJKAIBAAKCAgEAuuOlIWWwV6J18gsQzZa5El5DvHUSNiU31xWIi+adptQ+1+bR\njD2z+koUlcNciFKUb1pvOS9JtZcA14FCBnKAkZ6gPmHpoYJNYVHHZY3iSngGeLdZ\nNcIaDLtCvvJaXUwhjNohPBBKvg9utLyWK+qvW+2LJvr2+pN7Y8G5Diad218kSwFz\n0fxWAoGAbNS8xjHOIkYfQx8z1BmD0sj3CUi15wx8u+2ejDuhlD9bsvxWZeWnWLVU\nDDZoCrwG49VpV10eDIOO44Gifs+6Ki0bzhAPjYDq21OcIuxcXXELDwDpx4aJy+bP\nN+LSDBh4ClsgXy4t2lOsTvP1VzqjyJw+JmxqX2xNyweaEi/DJghh1RNw9ZwQLXxZ\nOUh3ZSYmBGAFg+LgnvTpYKEKbQvXerfXEPrPs8d9zF7rn90X0JDWF4odUn4DIWH2\n6O8usseP7TAVKx7V2J7FDKR22t8HlphJBcMHe7jkuFdSkmwgGs5zLMABC06hXPNI\nslHwNeWc3XOJVPP3FUHdIgYAgQmPpDk2mNNwl5J8HzjIY1/5GzM2T8j1YMunr1Wm\nnwly/VSHobk+joOwle5+oHVZAMDBf/GX7/dRhh6+NDnzn9JvpcWdsl66UvScvJSG\nBKMrh55OtQruK6fNGsVZ31bLs+bRekIwTFRj8aSzDLIIJUfL7LZbXsPs85MCAwEA\nAQKCAgAnWITr7pI9KPVm42CCwAAvt0vQcd9HKffDHwPz3DYFqPqgDrbALT9matFB\npHMnOieI+AOhiOyeP+/L7ykc3V9nCPvYllmPCLVMz2BI56GkJvfJ02QDNt2wH36S\nX8iZis0nb8b+c7mgoPQgNfHxxgNsOasJpl137LPWETNqIMQsKrAj4GbnZxYeifAl\nOXaSzWqF+bhcM8YAGe0QZAHqYPX28kCSehjekjFW2i3ulUSFSF++g9JxjcTCucpD\njisS2wZYARyElkbFJuudNIj9jZEQq/sF+OjOy284tvNqkbkmKhN5q5qlu+mX5VDk\ncUHz9+9sXyBQMPlOh4hy1D4bbcjI+PCCEaCDfJF3KOZcbjYnougSIu5cERoa61kU\nvU3mMt5skPwSLvV7gt9IHW58Ty2hPKUJNZQDhTiMnVTNjqpKqqmRzlxKgKRgCeV0\nFUx6133VebLE3ApvAQBlB793M6tZkgKvX/aO6Cr9H8b5AMLu2PEThHYAW5RPZETr\ni0zCktkU6je0TNnOdPpyCln2GsCN9i/5BOBHaq/9tbeAwOvFuquCggCYXm2AJiwI\n9esqkCG+L4o+d2yZWiNCMToUiWFp4J6vZqOxVFo3ebEd6cGd4iMdCWuodiBwqU7O\nanCKDaDlXwSvOFWHYpUX0tnFw0H5BMBM7uFUC5Ir2L40TSqWDQKCAQEAzubYXSUz\noPRyUJmrcyQfQ5/UoBMa8ArWahVT1zTWGHrLbgw8ubQoTSfuaZyb6dor0zv6Afc/\nZKU/pYIvKyWCXpdVWSaO7Rg/iuNCX0g+xs+DfF2KLPzugTflpi+WUGhRmr9Z8SCR\n6dWTHNlFXnMtucn8ESYEnVxQLKxlMP6UPkDouLmvhEsqlfSF5STBWTOPKo5PptVa\n4ZQ/Uui/weukx+l7f0A/BSVqGsFAaj+lPvgxt5MXv4/ZVVmvDSgDZK6ZVpmdRdw0\n78A7LtoNRiI7nV/nCLs8tokzdid2s77IhscXs7B7lMOYUqucyweL2o5G0gFgtjKE\nC6LTQwB2pp6jPQKCAQEA5z0NeVeiosqDi3JOhQYoh5cYtawVIk7QoV2o2ux2q7T/\nbW7S5V3/MpQR2DtVijFQXGopOND+C8ZjIUZ6AwkLJ0Y8Hvc01hbFgDPE6qLIxrS0\nWBYHPkchc22+W4+UVKyq3f2QJjQZ2+GoLVFqxtn0Lr+2ph82WG9dadGlRv+lVyz4\njQX5SrPpoGgVybr7SG1Q3U2l60NgT5MPewMkiSqn5y8N7mgvvRhJTZGXXeRvU1ER\nMGPsDgl8MrPC0b+I6QZxuwFmxZMb4aB0p/1wXiJfR486ySpYkRSudtnea7AuOApv\n6KpXPiwlHQpVI+7cavWMHwKlz6cBOfeW4LihwCEfDwKCAQA2Iin7/O7MLwj1068L\nGilf7SKZm0YSBhPhf6EHDpjxoLc3HNaKk/tzbH4xfbtBbUbIJsob14/rilzjtfMX\na+H3U8sN30vH9u8xLJLCEUnzhHnXgTXU3XydrH1WhN7kPNcVEPm8YBQtRScPhj1j\nH+mX0aQ07GiKr4t+lMCJGCK7QwpgwpyMlYoX3/lkYcCA0T+lF8T5VptHqB0FWUZK\nu5fKgmlAexPCCe7//w4Wfn6Cwjdn24F8Kmvnq+ZkH9L7db9C7EA89geXrwkNEhok\n/nHwlBYDr9GLxMwFHwAsuT8IHHE0H3nGC4MAJkyIxnmt/knDSn7+TKtFzB1QS3+/\nyoPVAoIBAGKxIQYQDB7Uti4W/EI0LaopJ+ep6V86Kjsk4UOGtuN0HaxUJ3izlI6+\nuZsDP+/6OiUnPi68rCDUbEywarTO8E6z4EcLFSbmkyazcbD/Bxgf2fTaef7vluxQ\nA3XKovE8vLSAWzyi8gJxnjixThROw7QMKOVf3u8BoOngC11xEN1TGUX/LbXfca//\nnIT74/G2jlPVpyHxILL1vh6vabGNXhoCcDy3hOB89BRCNkthis4RhHeVvhMDo1l0\ndYrV55YlJPc+kuFyduzmccOdHI9gti+xhtKC20gYfpnFRPPLPv62Has8wH2Nk82A\nMnRipvqTkFlP5PrqeVCHRoLk6kw5FqsCggEBALxQd+jErinwwRz31Ut2lkhHPKux\nWLjEwOBBuAsU4bLOmgNvSgGeCg5ZSvw3/oGuurEe+53F15E3c6fjT0gfdtIFsTaI\njq/c6uPR9YK6sb3eqCrBHD+0UbG7w8Fh/KJrp0+Z21lq2Tu6k61Tr/IAQCSyIZv7\nY5ruXLqr3714Iu5XffGZWk5Qr+cP8JJ+pdziki19AL8A8GQFxBtqaP2MuOx3UU7T\nlz99LzgnU1kbLBj+uOyDskEMbvMDdOM9xPmYaCpbaE6WVM731ofl8/K4AB+YSH+T\n1P3dXV4ccKRy5yjdrjc14jy8RanT2ZozGCXuvcDcUDwe+W6FH/wUyBkI3uw=\n-----END RSA PRIVATE KEY-----\n",
            "private_key_pem_pkcs8": "-----BEGIN PRIVATE KEY-----\nMIIJQgIBADANBgkqhkiG9w0BAQEFAASCCSwwggkoAgEAAoICAQC646UhZbBXonXy\nCxDNlrkSXkO8dRI2JTfXFYiL5p2m1D7X5tGMPbP6ShSVw1yIUpRvWm85L0m1lwDX\ngUIGcoCRnqA+Yemhgk1hUcdljeJKeAZ4t1k1whoMu0K+8lpdTCGM2iE8EEq+D260\nvJYr6q9b7Ysm+vb6k3tjwbkOJp3bXyRLAXPR/FYCgYBs1LzGMc4iRh9DHzPUGYPS\nyPcJSLXnDHy77Z6MO6GUP1uy/FZl5adYtVQMNmgKvAbj1WlXXR4Mg47jgaJ+z7oq\nLRvOEA+NgOrbU5wi7FxdcQsPAOnHhonL5s834tIMGHgKWyBfLi3aU6xO8/VXOqPI\nnD4mbGpfbE3LB5oSL8MmCGHVE3D1nBAtfFk5SHdlJiYEYAWD4uCe9OlgoQptC9d6\nt9cQ+s+zx33MXuuf3RfQkNYXih1SfgMhYfbo7y6yx4/tMBUrHtXYnsUMpHba3weW\nmEkFwwd7uOS4V1KSbCAaznMswAELTqFc80iyUfA15Zzdc4lU8/cVQd0iBgCBCY+k\nOTaY03CXknwfOMhjX/kbMzZPyPVgy6evVaafCXL9VIehuT6Og7CV7n6gdVkAwMF/\n8Zfv91GGHr40OfOf0m+lxZ2yXrpS9Jy8lIYEoyuHnk61Cu4rp80axVnfVsuz5tF6\nQjBMVGPxpLMMsgglR8vstltew+zzkwIDAQABAoICACdYhOvukj0o9WbjYILAAC+3\nS9Bx30cp98MfA/PcNgWo+qAOtsAtP2Zq0UGkcyc6J4j4A6GI7J4/78vvKRzdX2cI\n+9iWWY8ItUzPYEjnoaQm98nTZAM23bAffpJfyJmKzSdvxv5zuaCg9CA18fHGA2w5\nqwmmXXfss9YRM2ogxCwqsCPgZudnFh6J8CU5dpLNaoX5uFwzxgAZ7RBkAepg9fby\nQJJ6GN6SMVbaLe6VRIVIX76D0nGNxMK5ykOOKxLbBlgBHISWRsUm6500iP2NkRCr\n+wX46M7Lbzi282qRuSYqE3mrmqW76ZflUORxQfP372xfIFAw+U6HiHLUPhttyMj4\n8IIRoIN8kXco5lxuNiei6BIi7lwRGhrrWRS9TeYy3myQ/BIu9XuC30gdbnxPLaE8\npQk1lAOFOIydVM2OqkqqqZHOXEqApGAJ5XQVTHrXfdV5ssTcCm8BAGUHv3czq1mS\nAq9f9o7oKv0fxvkAwu7Y8ROEdgBblE9kROuLTMKS2RTqN7RM2c50+nIKWfYawI32\nL/kE4Edqr/21t4DA68W6q4KCAJhebYAmLAj16yqQIb4vij53bJlaI0IxOhSJYWng\nnq9mo7FUWjd5sR3pwZ3iIx0Ja6h2IHCpTs5qcIoNoOVfBK84VYdilRfS2cXDQfkE\nwEzu4VQLkivYvjRNKpYNAoIBAQDO5thdJTOg9HJQmatzJB9Dn9SgExrwCtZqFVPX\nNNYYestuDDy5tChNJ+5pnJvp2ivTO/oB9z9kpT+lgi8rJYJel1VZJo7tGD+K40Jf\nSD7Gz4N8XYos/O6BN+WmL5ZQaFGav1nxIJHp1ZMc2UVecy25yfwRJgSdXFAsrGUw\n/pQ+QOi4ua+ESyqV9IXlJMFZM48qjk+m1VrhlD9S6L/B66TH6Xt/QD8FJWoawUBq\nP6U++DG3kxe/j9lVWa8NKANkrplWmZ1F3DTvwDsu2g1GIjudX+cIuzy2iTN2J3az\nvsiGxxezsHuUw5hSq5zLB4vajkbSAWC2MoQLotNDAHamnqM9AoIBAQDnPQ15V6Ki\nyoOLck6FBiiHlxi1rBUiTtChXaja7HartP9tbtLlXf8ylBHYO1WKMVBcaik40P4L\nxmMhRnoDCQsnRjwe9zTWFsWAM8TqosjGtLRYFgc+RyFzbb5bj5RUrKrd/ZAmNBnb\n4agtUWrG2fQuv7amHzZYb11p0aVG/6VXLPiNBflKs+mgaBXJuvtIbVDdTaXrQ2BP\nkw97AySJKqfnLw3uaC+9GElNkZdd5G9TUREwY+wOCXwys8LRv4jpBnG7AWbFkxvh\noHSn/XBeIl9HjzrJKliRFK522d5rsC44Cm/oqlc+LCUdClUj7txq9YwfAqXPpwE5\n95bguKHAIR8PAoIBADYiKfv87swvCPXTrwsaKV/tIpmbRhIGE+F/oQcOmPGgtzcc\n1oqT+3NsfjF9u0FtRsgmyhvXj+uKXOO18xdr4fdTyw3fS8f27zEsksIRSfOEedeB\nNdTdfJ2sfVaE3uQ81xUQ+bxgFC1FJw+GPWMf6ZfRpDTsaIqvi36UwIkYIrtDCmDC\nnIyVihff+WRhwIDRP6UXxPlWm0eoHQVZRkq7l8qCaUB7E8IJ7v//DhZ+foLCN2fb\ngXwqa+er5mQf0vt1v0LsQDz2B5evCQ0SGiT+cfCUFgOv0YvEzAUfACy5PwgccTQf\necYLgwAmTIjGea3+ScNKfv5Mq0XMHVBLf7/Kg9UCggEAYrEhBhAMHtS2Lhb8QjQt\nqikn56npXzoqOyThQ4a243QdrFQneLOUjr65mwM/7/o6JSc+LrysINRsTLBqtM7w\nTrPgRwsVJuaTJrNxsP8HGB/Z9Np5/u+W7FADdcqi8Ty8tIBbPKLyAnGeOLFOFE7D\ntAwo5V/e7wGg6eALXXEQ3VMZRf8ttd9xr/+chPvj8baOU9WnIfEgsvW+Hq9psY1e\nGgJwPLeE4Hz0FEI2S2GKzhGEd5W+EwOjWXR1itXnliUk9z6S4XJ27OZxw50cj2C2\nL7GG0oLbSBh+mcVE88s+/rYdqzzAfY2TzYAydGKm+pOQWU/k+up5UIdGguTqTDkW\nqwKCAQEAvFB36MSuKfDBHPfVS3aWSEc8q7FYuMTA4EG4CxThss6aA29KAZ4KDllK\n/Df+ga66sR77ncXXkTdzp+NPSB920gWxNoiOr9zq49H1grqxvd6oKsEcP7RRsbvD\nwWH8omunT5nbWWrZO7qTrVOv8gBAJLIhm/tjmu5cuqvfvXgi7ld98ZlaTlCv5w/w\nkn6l3OKSLX0AvwDwZAXEG2po/Yy47HdRTtOXP30vOCdTWRssGP647IOyQQxu8wN0\n4z3E+ZhoKltoTpZUzvfWh+Xz8rgAH5hIf5PU/d1dXhxwpHLnKN2uNzXiPLxFqdPZ\nmjMYJe69wNxQPB75boUf/BTIGQje7A==\n-----END PRIVATE KEY-----\n",
            "public_key_fingerprint_md5": "94:64:32:70:78:e0:bb:7f:77:d5:c4:db:aa:f5:62:c8",
            "public_key_fingerprint_sha256": "SHA256:oIY84NXkRMDc7jGZdMnaN8bYslKxeG++NvF4+0tAOwE",
            "public_key_openssh": "ssh-rsa AAAAB3NzaC1yc2EAAAADAQABAAACAQC646UhZbBXonXyCxDNlrkSXkO8dRI2JTfXFYiL5p2m1D7X5tGMPbP6ShSVw1yIUpRvWm85L0m1lwDXgUIGcoCRnqA+Yemhgk1hUcdljeJKeAZ4t1k1whoMu0K+8lpdTCGM2iE8EEq+D260vJYr6q9b7Ysm+vb6k3tjwbkOJp3bXyRLAXPR/FYCgYBs1LzGMc4iRh9DHzPUGYPSyPcJSLXnDHy77Z6MO6GUP1uy/FZl5adYtVQMNmgKvAbj1WlXXR4Mg47jgaJ+z7oqLRvOEA+NgOrbU5wi7FxdcQsPAOnHhonL5s834tIMGHgKWyBfLi3aU6xO8/VXOqPInD4mbGpfbE3LB5oSL8MmCGHVE3D1nBAtfFk5SHdlJiYEYAWD4uCe9OlgoQptC9d6t9cQ+s+zx33MXuuf3RfQkNYXih1SfgMhYfbo7y6yx4/tMBUrHtXYnsUMpHba3weWmEkFwwd7uOS4V1KSbCAaznMswAELTqFc80iyUfA15Zzdc4lU8/cVQd0iBgCBCY+kOTaY03CXknwfOMhjX/kbMzZPyPVgy6evVaafCXL9VIehuT6Og7CV7n6gdVkAwMF/8Zfv91GGHr40OfOf0m+lxZ2yXrpS9Jy8lIYEoyuHnk61Cu4rp80axVnfVsuz5tF6QjBMVGPxpLMMsgglR8vstltew+zzkw==\n",
            "public_key_pem": "-----BEGIN PUBLIC KEY-----\nMIICIjANBgkqhkiG9w0BAQEFAAOCAg8AMIICCgKCAgEAuuOlIWWwV6J18gsQzZa5\nEl5DvHUSNiU31xWIi+adptQ+1+bRjD2z+koUlcNciFKUb1pvOS9JtZcA14FCBnKA\nkZ6gPmHpoYJNYVHHZY3iSngGeLdZNcIaDLtCvvJaXUwhjNohPBBKvg9utLyWK+qv\nW+2LJvr2+pN7Y8G5Diad218kSwFz0fxWAoGAbNS8xjHOIkYfQx8z1BmD0sj3CUi1\n5wx8u+2ejDuhlD9bsvxWZeWnWLVUDDZoCrwG49VpV10eDIOO44Gifs+6Ki0bzhAP\njYDq21OcIuxcXXELDwDpx4aJy+bPN+LSDBh4ClsgXy4t2lOsTvP1VzqjyJw+Jmxq\nX2xNyweaEi/DJghh1RNw9ZwQLXxZOUh3ZSYmBGAFg+LgnvTpYKEKbQvXerfXEPrP\ns8d9zF7rn90X0JDWF4odUn4DIWH26O8usseP7TAVKx7V2J7FDKR22t8HlphJBcMH\ne7jkuFdSkmwgGs5zLMABC06hXPNIslHwNeWc3XOJVPP3FUHdIgYAgQmPpDk2mNNw\nl5J8HzjIY1/5GzM2T8j1YMunr1Wmnwly/VSHobk+joOwle5+oHVZAMDBf/GX7/dR\nhh6+NDnzn9JvpcWdsl66UvScvJSGBKMrh55OtQruK6fNGsVZ31bLs+bRekIwTFRj\n8aSzDLIIJUfL7LZbXsPs85MCAwEAAQ==\n-----END PUBLIC KEY-----\n",
            "rsa_bits": 4096
          },
          "sensitive_attributes": [
            [
              {
                "type": "get_attr",
                "value": "private_key_openssh"
              }
            ],
            [
              {
                "type": "get_attr",
                "value": "private_key_pem"
              }
            ],
            [
              {
                "type": "get_attr",
                "value": "private_key_pem_pkcs8"
              }
            ]
          ],
          "identity_schema_version": 0
        }
      ]
    }
  ],
  "check_results": null
}
