{
  "version": 4,
  "terraform_version": "1.14.7",
  "serial": 116,
  "lineage": "6b3ee1e8-ecb9-4dd9-f283-c457ed1dd564",
  "outputs": {},
  "resources": [
    {
      "mode": "managed",
      "type": "aws_eip",
      "name": "proj_eip",
      "provider": "provider[\"registry.terraform.io/hashicorp/aws\"]",
      "instances": [
        {
          "schema_version": 0,
          "attributes": {
            "address": null,
            "allocation_id": "eipalloc-0026f285b23e48bdc",
            "arn": "arn:aws:ec2:eu-west-1:941624500176:elastic-ip/eipalloc-0026f285b23e48bdc",
            "associate_with_private_ip": null,
            "association_id": "",
            "carrier_ip": "",
            "customer_owned_ip": "",
            "customer_owned_ipv4_pool": "",
            "domain": "vpc",
            "id": "eipalloc-0026f285b23e48bdc",
            "instance": "",
            "ipam_pool_id": "",
            "network_border_group": "eu-west-1",
            "network_interface": "",
            "private_dns": "",
            "private_ip": "",
            "ptr_record": "",
            "public_dns": "ec2-108-132-235-174.eu-west-1.compute.amazonaws.com",
            "public_ip": "108.132.235.174",
            "public_ipv4_pool": "amazon",
            "region": "eu-west-1",
            "tags": {
              "Name": "proj_eip"
            },
            "tags_all": {
              "Name": "proj_eip"
            },
            "timeouts": null
          },
          "sensitive_attributes": [],
          "identity_schema_version": 0,
          "identity": {
            "account_id": "941624500176",
            "id": "eipalloc-0026f285b23e48bdc",
            "region": "eu-west-1"
          },
          "private": "eyJlMmJmYjczMC1lY2FhLTExZTYtOGY4OC0zNDM2M2JjN2M0YzAiOnsiZGVsZXRlIjoxODAwMDAwMDAwMDAsInJlYWQiOjkwMDAwMDAwMDAwMCwidXBkYXRlIjozMDAwMDAwMDAwMDB9fQ=="
        }
      ]
    },
    {
      "mode": "managed",
      "type": "aws_internet_gateway",
      "name": "igw",
      "provider": "provider[\"registry.terraform.io/hashicorp/aws\"]",
      "instances": [
        {
          "schema_version": 0,
          "attributes": {
            "arn": "arn:aws:ec2:eu-west-1:941624500176:internet-gateway/igw-0d8679e3caa3ba4cc",
            "id": "igw-0d8679e3caa3ba4cc",
            "owner_id": "941624500176",
            "region": "eu-west-1",
            "tags": {
              "Name": "igw"
            },
            "tags_all": {
              "Name": "igw"
            },
            "timeouts": null,
            "vpc_id": "vpc-0e5c17fa5fb0af604"
          },
          "sensitive_attributes": [],
          "identity_schema_version": 0,
          "identity": {
            "account_id": "941624500176",
            "id": "igw-0d8679e3caa3ba4cc",
            "region": "eu-west-1"
          },
          "private": "eyJlMmJmYjczMC1lY2FhLTExZTYtOGY4OC0zNDM2M2JjN2M0YzAiOnsiY3JlYXRlIjoxMjAwMDAwMDAwMDAwLCJkZWxldGUiOjEyMDAwMDAwMDAwMDAsInVwZGF0ZSI6MTIwMDAwMDAwMDAwMH19",
          "dependencies": [
            "aws_vpc.proj_vpc"
          ]
        }
      ]
    },
    {
      "mode": "managed",
      "type": "aws_key_pair",
      "name": "key",
      "provider": "provider[\"registry.terraform.io/hashicorp/aws\"]",
      "instances": [
        {
          "schema_version": 1,
          "attributes": {
            "arn": "arn:aws:ec2:eu-west-1:941624500176:key-pair/proj-pub-key",
            "fingerprint": "ac:b4:8b:f3:0c:59:4b:f8:f1:e3:1b:ab:0d:4f:d1:6c",
            "id": "proj-pub-key",
            "key_name": "proj-pub-key",
            "key_name_prefix": "",
            "key_pair_id": "key-068d17dcb53041700",
            "key_type": "rsa",
            "public_key": "ssh-rsa AAAAB3NzaC1yc2EAAAADAQABAAACAQDUCX6y3x3K/rUrj119aQUg9/f7UbppXVxGwxxhSYBxCel/N/1VicAMexGGMa9JajJbB8Z04l5cQpAMwrFw42ubuheYVDuG5/rBPXX2eaZBvZT6/tdhv4DDNx4pAWTbw/PEatIybsdP+/5Y4AcVnu+j8FW8fP+yz1Ssj89Mb2Mnp7K4rR4ap54A8XR7qQNiJUOlJ80Oz0+eugqy89qxFJwMPsyobiRvrGg3rMVbJcUebEbOgC30xmErVA/9qS3N9ut0RxW7bbHoYeBCsbeDd/2MpeZ8s6oHk/UsAehfnnt/pPJ1TuRmAjzvkmBF9/WZSzOrVtMbDy/EPrMRUhT/GGfvJ/LyuWLi0JezJFx3oyVfOSznf3T/ZeUoX19IzuCpHNYDD6piAz9C8gb218u5mWYmEAPP8PCYASmH+NWFDqOTTIuhqLyThOOMLlpXPqwXJNRf4EeqMb75cTBBLU9nR3Q1xKhqdyuk+Md46caRzWmnbB3SRPCSfUNy/vYlHPfZtIEupmHpwdjjnWl3L8gqU8+FfypkuLduhZiy2NtxCe55dWq4Z1QlxYheH3I0xVUxs+n/3tCeSQshT+9+CD6e8SVNzFFa/qpPO7lGZZuiucJ89/W2eHclagT5BVW2i/xtZFbJCOVWTXtoyQ0GnxRtbWmomSNB0nMITo2NrN4Ka5LDaw==",
            "region": "eu-west-1",
            "tags": null,
            "tags_all": {}
          },
          "sensitive_attributes": [],
          "identity_schema_version": 0,
          "private": "eyJzY2hlbWFfdmVyc2lvbiI6IjEifQ==",
          "dependencies": [
            "tls_private_key.key"
          ]
        }
      ]
    },
    {
      "mode": "managed",
      "type": "aws_nat_gateway",
      "name": "nat_gw",
      "provider": "provider[\"registry.terraform.io/hashicorp/aws\"]",
      "instances": [
        {
          "schema_version": 0,
          "attributes": {
            "allocation_id": "eipalloc-0026f285b23e48bdc",
            "association_id": "eipassoc-0a270128a32fa0332",
            "auto_provision_zones": null,
            "auto_scaling_ips": null,
            "availability_mode": "zonal",
            "availability_zone_address": [],
            "connectivity_type": "public",
            "id": "nat-04076764d91755de4",
            "network_interface_id": "eni-0df2ff86372140438",
            "private_ip": "10.0.1.50",
            "public_ip": "108.132.235.174",
            "region": "eu-west-1",
            "regional_nat_gateway_address": [],
            "regional_nat_gateway_auto_mode": null,
            "route_table_id": null,
            "secondary_allocation_ids": [],
            "secondary_private_ip_address_count": 0,
            "secondary_private_ip_addresses": [],
            "subnet_id": "subnet-0e397972b4e23fee9",
            "tags": {
              "Name": "nat_gw"
            },
            "tags_all": {
              "Name": "nat_gw"
            },
            "timeouts": null,
            "vpc_id": "vpc-0e5c17fa5fb0af604"
          },
          "sensitive_attributes": [],
          "identity_schema_version": 0,
          "identity": {
            "account_id": "941624500176",
            "id": "nat-04076764d91755de4",
            "region": "eu-west-1"
          },
          "private": "eyJlMmJmYjczMC1lY2FhLTExZTYtOGY4OC0zNDM2M2JjN2M0YzAiOnsiY3JlYXRlIjo2MDAwMDAwMDAwMDAsImRlbGV0ZSI6MTgwMDAwMDAwMDAwMCwidXBkYXRlIjo2MDAwMDAwMDAwMDB9fQ==",
          "dependencies": [
            "aws_eip.proj_eip",
            "aws_internet_gateway.igw",
            "aws_subnet.pub_sbn1",
            "aws_vpc.proj_vpc"
          ]
        }
      ]
    },
    {
      "mode": "managed",
      "type": "aws_route_table",
      "name": "private_rt",
      "provider": "provider[\"registry.terraform.io/hashicorp/aws\"]",
      "instances": [
        {
          "schema_version": 0,
          "attributes": {
            "arn": "arn:aws:ec2:eu-west-1:941624500176:route-table/rtb-0ff2fee42f0dac02c",
            "id": "rtb-0ff2fee42f0dac02c",
            "owner_id": "941624500176",
            "propagating_vgws": [],
            "region": "eu-west-1",
            "route": [
              {
                "carrier_gateway_id": "",
                "cidr_block": "0.0.0.0/0",
                "core_network_arn": "",
                "destination_prefix_list_id": "",
                "egress_only_gateway_id": "",
                "gateway_id": "",
                "ipv6_cidr_block": "",
                "local_gateway_id": "",
                "nat_gateway_id": "nat-04076764d91755de4",
                "network_interface_id": "",
                "odb_network_arn": "",
                "transit_gateway_id": "",
                "vpc_endpoint_id": "",
                "vpc_peering_connection_id": ""
              }
            ],
            "tags": {
              "Name": "private_rt"
            },
            "tags_all": {
              "Name": "private_rt"
            },
            "timeouts": null,
            "vpc_id": "vpc-0e5c17fa5fb0af604"
          },
          "sensitive_attributes": [],
          "identity_schema_version": 0,
          "identity": {
            "account_id": "941624500176",
            "id": "rtb-0ff2fee42f0dac02c",
            "region": "eu-west-1"
          },
          "private": "eyJlMmJmYjczMC1lY2FhLTExZTYtOGY4OC0zNDM2M2JjN2M0YzAiOnsiY3JlYXRlIjozMDAwMDAwMDAwMDAsImRlbGV0ZSI6MzAwMDAwMDAwMDAwLCJ1cGRhdGUiOjEyMDAwMDAwMDAwMH19",
          "dependencies": [
            "aws_eip.proj_eip",
            "aws_internet_gateway.igw",
            "aws_nat_gateway.nat_gw",
            "aws_subnet.pub_sbn1",
            "aws_vpc.proj_vpc"
          ]
        }
      ]
    },
    {
      "mode": "managed",
      "type": "aws_route_table",
      "name": "public_rt",
      "provider": "provider[\"registry.terraform.io/hashicorp/aws\"]",
      "instances": [
        {
          "schema_version": 0,
          "attributes": {
            "arn": "arn:aws:ec2:eu-west-1:941624500176:route-table/rtb-08ab724fbf753a4d6",
            "id": "rtb-08ab724fbf753a4d6",
            "owner_id": "941624500176",
            "propagating_vgws": [],
            "region": "eu-west-1",
            "route": [
              {
                "carrier_gateway_id": "",
                "cidr_block": "0.0.0.0/0",
                "core_network_arn": "",
                "destination_prefix_list_id": "",
                "egress_only_gateway_id": "",
                "gateway_id": "igw-0d8679e3caa3ba4cc",
                "ipv6_cidr_block": "",
                "local_gateway_id": "",
                "nat_gateway_id": "",
                "network_interface_id": "",
                "odb_network_arn": "",
                "transit_gateway_id": "",
                "vpc_endpoint_id": "",
                "vpc_peering_connection_id": ""
              }
            ],
            "tags": {
              "Name": "public_rt"
            },
            "tags_all": {
              "Name": "public_rt"
            },
            "timeouts": null,
            "vpc_id": "vpc-0e5c17fa5fb0af604"
          },
          "sensitive_attributes": [],
          "identity_schema_version": 0,
          "identity": {
            "account_id": "941624500176",
            "id": "rtb-08ab724fbf753a4d6",
            "region": "eu-west-1"
          },
          "private": "eyJlMmJmYjczMC1lY2FhLTExZTYtOGY4OC0zNDM2M2JjN2M0YzAiOnsiY3JlYXRlIjozMDAwMDAwMDAwMDAsImRlbGV0ZSI6MzAwMDAwMDAwMDAwLCJ1cGRhdGUiOjEyMDAwMDAwMDAwMH19",
          "dependencies": [
            "aws_internet_gateway.igw",
            "aws_vpc.proj_vpc"
          ]
        }
      ]
    },
    {
      "mode": "managed",
      "type": "aws_route_table_association",
      "name": "priv_rt_assc",
      "provider": "provider[\"registry.terraform.io/hashicorp/aws\"]",
      "instances": [
        {
          "schema_version": 0,
          "attributes": {
            "gateway_id": "",
            "id": "rtbassoc-0f9f8bd71d20f94d9",
            "region": "eu-west-1",
            "route_table_id": "rtb-0ff2fee42f0dac02c",
            "subnet_id": "subnet-04f7f565992292a99",
            "timeouts": null
          },
          "sensitive_attributes": [],
          "identity_schema_version": 0,
          "identity": {
            "account_id": "941624500176",
            "id": "rtbassoc-0f9f8bd71d20f94d9",
            "region": "eu-west-1"
          },
          "private": "eyJlMmJmYjczMC1lY2FhLTExZTYtOGY4OC0zNDM2M2JjN2M0YzAiOnsiY3JlYXRlIjozMDAwMDAwMDAwMDAsImRlbGV0ZSI6MzAwMDAwMDAwMDAwLCJ1cGRhdGUiOjEyMDAwMDAwMDAwMH19",
          "dependencies": [
            "aws_eip.proj_eip",
            "aws_internet_gateway.igw",
            "aws_nat_gateway.nat_gw",
            "aws_route_table.private_rt",
            "aws_subnet.priv_sbn1",
            "aws_subnet.pub_sbn1",
            "aws_vpc.proj_vpc"
          ]
        }
      ]
    },
    {
      "mode": "managed",
      "type": "aws_route_table_association",
      "name": "public_rt_assc",
      "provider": "provider[\"registry.terraform.io/hashicorp/aws\"]",
      "instances": [
        {
          "schema_version": 0,
          "attributes": {
            "gateway_id": "",
            "id": "rtbassoc-06469687cc08b2141",
            "region": "eu-west-1",
            "route_table_id": "rtb-08ab724fbf753a4d6",
            "subnet_id": "subnet-0e397972b4e23fee9",
            "timeouts": null
          },
          "sensitive_attributes": [],
          "identity_schema_version": 0,
          "identity": {
            "account_id": "941624500176",
            "id": "rtbassoc-06469687cc08b2141",
            "region": "eu-west-1"
          },
          "private": "eyJlMmJmYjczMC1lY2FhLTExZTYtOGY4OC0zNDM2M2JjN2M0YzAiOnsiY3JlYXRlIjozMDAwMDAwMDAwMDAsImRlbGV0ZSI6MzAwMDAwMDAwMDAwLCJ1cGRhdGUiOjEyMDAwMDAwMDAwMH19",
          "dependencies": [
            "aws_internet_gateway.igw",
            "aws_route_table.public_rt",
            "aws_subnet.pub_sbn1",
            "aws_vpc.proj_vpc"
          ]
        }
      ]
    },
    {
      "mode": "managed",
      "type": "aws_security_group",
      "name": "sg_backend",
      "provider": "provider[\"registry.terraform.io/hashicorp/aws\"]",
      "instances": [
        {
          "schema_version": 1,
          "attributes": {
            "arn": "arn:aws:ec2:eu-west-1:941624500176:security-group/sg-0936fa212d808e322",
            "description": "database backend-sg",
            "egress": [
              {
                "cidr_blocks": [
                  "0.0.0.0/0"
                ],
                "description": "",
                "from_port": 0,
                "ipv6_cidr_blocks": [],
                "prefix_list_ids": [],
                "protocol": "-1",
                "security_groups": [],
                "self": false,
                "to_port": 0
              }
            ],
            "id": "sg-0936fa212d808e322",
            "ingress": [
              {
                "cidr_blocks": [],
                "description": "MySQL-Aurora from frontend-sg",
                "from_port": 3306,
                "ipv6_cidr_blocks": [],
                "prefix_list_ids": [],
                "protocol": "tcp",
                "security_groups": [
                  "sg-0a6d5cae3b7d9fb72"
                ],
                "self": false,
                "to_port": 3306
              }
            ],
            "name": "sg_backend",
            "name_prefix": "",
            "owner_id": "941624500176",
            "region": "eu-west-1",
            "revoke_rules_on_delete": false,
            "tags": {
              "Name": "sg_backend"
            },
            "tags_all": {
              "Name": "sg_backend"
            },
            "timeouts": null,
            "vpc_id": "vpc-0e5c17fa5fb0af604"
          },
          "sensitive_attributes": [],
          "identity_schema_version": 0,
          "identity": {
            "account_id": "941624500176",
            "id": "sg-0936fa212d808e322",
            "region": "eu-west-1"
          },
          "private": "eyJlMmJmYjczMC1lY2FhLTExZTYtOGY4OC0zNDM2M2JjN2M0YzAiOnsiY3JlYXRlIjo2MDAwMDAwMDAwMDAsImRlbGV0ZSI6OTAwMDAwMDAwMDAwfSwic2NoZW1hX3ZlcnNpb24iOiIxIn0=",
          "dependencies": [
            "aws_security_group.web-sg-fe",
            "aws_vpc.proj_vpc"
          ]
        }
      ]
    },
    {
      "mode": "managed",
      "type": "aws_security_group",
      "name": "web-sg-fe",
      "provider": "provider[\"registry.terraform.io/hashicorp/aws\"]",
      "instances": [
        {
          "schema_version": 1,
          "attributes": {
            "arn": "arn:aws:ec2:eu-west-1:941624500176:security-group/sg-0a6d5cae3b7d9fb72",
            "description": "Security group for web server",
            "egress": [
              {
                "cidr_blocks": [
                  "0.0.0.0/0"
                ],
                "description": "Allow all outbound traffic",
                "from_port": 0,
                "ipv6_cidr_blocks": [],
                "prefix_list_ids": [],
                "protocol": "-1",
                "security_groups": [],
                "self": false,
                "to_port": 0
              }
            ],
            "id": "sg-0a6d5cae3b7d9fb72",
            "ingress": [
              {
                "cidr_blocks": [
                  "0.0.0.0/0"
                ],
                "description": "HTTP",
                "from_port": 80,
                "ipv6_cidr_blocks": [],
                "prefix_list_ids": [],
                "protocol": "tcp",
                "security_groups": [],
                "self": false,
                "to_port": 80
              },
              {
                "cidr_blocks": [
                  "0.0.0.0/0"
                ],
                "description": "HTTPS",
                "from_port": 443,
                "ipv6_cidr_blocks": [],
                "prefix_list_ids": [],
                "protocol": "tcp",
                "security_groups": [],
                "self": false,
                "to_port": 443
              },
              {
                "cidr_blocks": [
                  "0.0.0.0/0"
                ],
                "description": "SSH",
                "from_port": 22,
                "ipv6_cidr_blocks": [],
                "prefix_list_ids": [],
                "protocol": "tcp",
                "security_groups": [],
                "self": false,
                "to_port": 22
              }
            ],
            "name": "web-sg-fe",
            "name_prefix": "",
            "owner_id": "941624500176",
            "region": "eu-west-1",
            "revoke_rules_on_delete": false,
            "tags": {
              "Name": "web-sg-fe"
            },
            "tags_all": {
              "Name": "web-sg-fe"
            },
            "timeouts": null,
            "vpc_id": "vpc-0e5c17fa5fb0af604"
          },
          "sensitive_attributes": [],
          "identity_schema_version": 0,
          "identity": {
            "account_id": "941624500176",
            "id": "sg-0a6d5cae3b7d9fb72",
            "region": "eu-west-1"
          },
          "private": "eyJlMmJmYjczMC1lY2FhLTExZTYtOGY4OC0zNDM2M2JjN2M0YzAiOnsiY3JlYXRlIjo2MDAwMDAwMDAwMDAsImRlbGV0ZSI6OTAwMDAwMDAwMDAwfSwic2NoZW1hX3ZlcnNpb24iOiIxIn0=",
          "dependencies": [
            "aws_vpc.proj_vpc"
          ]
        }
      ]
    },
    {
      "mode": "managed",
      "type": "aws_subnet",
      "name": "priv_sbn1",
      "provider": "provider[\"registry.terraform.io/hashicorp/aws\"]",
      "instances": [
        {
          "schema_version": 1,
          "attributes": {
            "arn": "arn:aws:ec2:eu-west-1:941624500176:subnet/subnet-04f7f565992292a99",
            "assign_ipv6_address_on_creation": false,
            "availability_zone": "eu-west-1a",
            "availability_zone_id": "euw1-az1",
            "cidr_block": "10.0.3.0/24",
            "customer_owned_ipv4_pool": "",
            "enable_dns64": false,
            "enable_lni_at_device_index": 0,
            "enable_resource_name_dns_a_record_on_launch": false,
            "enable_resource_name_dns_aaaa_record_on_launch": false,
            "id": "subnet-04f7f565992292a99",
            "ipv4_ipam_pool_id": null,
            "ipv4_netmask_length": null,
            "ipv6_cidr_block": "",
            "ipv6_cidr_block_association_id": "",
            "ipv6_ipam_pool_id": null,
            "ipv6_native": false,
            "ipv6_netmask_length": null,
            "map_customer_owned_ip_on_launch": false,
            "map_public_ip_on_launch": false,
            "outpost_arn": "",
            "owner_id": "941624500176",
            "private_dns_hostname_type_on_launch": "ip-name",
            "region": "eu-west-1",
            "tags": {
              "Name": "priv_sbn1"
            },
            "tags_all": {
              "Name": "priv_sbn1"
            },
            "timeouts": null,
            "vpc_id": "vpc-0e5c17fa5fb0af604"
          },
          "sensitive_attributes": [],
          "identity_schema_version": 0,
          "identity": {
            "account_id": "941624500176",
            "id": "subnet-04f7f565992292a99",
            "region": "eu-west-1"
          },
          "private": "eyJlMmJmYjczMC1lY2FhLTExZTYtOGY4OC0zNDM2M2JjN2M0YzAiOnsiY3JlYXRlIjo2MDAwMDAwMDAwMDAsImRlbGV0ZSI6MTIwMDAwMDAwMDAwMH0sInNjaGVtYV92ZXJzaW9uIjoiMSJ9",
          "dependencies": [
            "aws_vpc.proj_vpc"
          ]
        }
      ]
    },
    {
      "mode": "managed",
      "type": "aws_subnet",
      "name": "priv_sbn2",
      "provider": "provider[\"registry.terraform.io/hashicorp/aws\"]",
      "instances": [
        {
          "schema_version": 1,
          "attributes": {
            "arn": "arn:aws:ec2:eu-west-1:941624500176:subnet/subnet-0f1520ac3100b59fe",
            "assign_ipv6_address_on_creation": false,
            "availability_zone": "eu-west-1b",
            "availability_zone_id": "euw1-az2",
            "cidr_block": "10.0.4.0/24",
            "customer_owned_ipv4_pool": "",
            "enable_dns64": false,
            "enable_lni_at_device_index": 0,
            "enable_resource_name_dns_a_record_on_launch": false,
            "enable_resource_name_dns_aaaa_record_on_launch": false,
            "id": "subnet-0f1520ac3100b59fe",
            "ipv4_ipam_pool_id": null,
            "ipv4_netmask_length": null,
            "ipv6_cidr_block": "",
            "ipv6_cidr_block_association_id": "",
            "ipv6_ipam_pool_id": null,
            "ipv6_native": false,
            "ipv6_netmask_length": null,
            "map_customer_owned_ip_on_launch": false,
            "map_public_ip_on_launch": false,
            "outpost_arn": "",
            "owner_id": "941624500176",
            "private_dns_hostname_type_on_launch": "ip-name",
            "region": "eu-west-1",
            "tags": {
              "Name": "priv_sbn2"
            },
            "tags_all": {
              "Name": "priv_sbn2"
            },
            "timeouts": null,
            "vpc_id": "vpc-0e5c17fa5fb0af604"
          },
          "sensitive_attributes": [],
          "identity_schema_version": 0,
          "identity": {
            "account_id": "941624500176",
            "id": "subnet-0f1520ac3100b59fe",
            "region": "eu-west-1"
          },
          "private": "eyJlMmJmYjczMC1lY2FhLTExZTYtOGY4OC0zNDM2M2JjN2M0YzAiOnsiY3JlYXRlIjo2MDAwMDAwMDAwMDAsImRlbGV0ZSI6MTIwMDAwMDAwMDAwMH0sInNjaGVtYV92ZXJzaW9uIjoiMSJ9",
          "dependencies": [
            "aws_vpc.proj_vpc"
          ]
        }
      ]
    },
    {
      "mode": "managed",
      "type": "aws_subnet",
      "name": "pub_sbn1",
      "provider": "provider[\"registry.terraform.io/hashicorp/aws\"]",
      "instances": [
        {
          "schema_version": 1,
          "attributes": {
            "arn": "arn:aws:ec2:eu-west-1:941624500176:subnet/subnet-0e397972b4e23fee9",
            "assign_ipv6_address_on_creation": false,
            "availability_zone": "eu-west-1a",
            "availability_zone_id": "euw1-az1",
            "cidr_block": "10.0.1.0/24",
            "customer_owned_ipv4_pool": "",
            "enable_dns64": false,
            "enable_lni_at_device_index": 0,
            "enable_resource_name_dns_a_record_on_launch": false,
            "enable_resource_name_dns_aaaa_record_on_launch": false,
            "id": "subnet-0e397972b4e23fee9",
            "ipv4_ipam_pool_id": null,
            "ipv4_netmask_length": null,
            "ipv6_cidr_block": "",
            "ipv6_cidr_block_association_id": "",
            "ipv6_ipam_pool_id": null,
            "ipv6_native": false,
            "ipv6_netmask_length": null,
            "map_customer_owned_ip_on_launch": false,
            "map_public_ip_on_launch": false,
            "outpost_arn": "",
            "owner_id": "941624500176",
            "private_dns_hostname_type_on_launch": "ip-name",
            "region": "eu-west-1",
            "tags": {
              "Name": "pub_sbn1"
            },
            "tags_all": {
              "Name": "pub_sbn1"
            },
            "timeouts": null,
            "vpc_id": "vpc-0e5c17fa5fb0af604"
          },
          "sensitive_attributes": [],
          "identity_schema_version": 0,
          "identity": {
            "account_id": "941624500176",
            "id": "subnet-0e397972b4e23fee9",
            "region": "eu-west-1"
          },
          "private": "eyJlMmJmYjczMC1lY2FhLTExZTYtOGY4OC0zNDM2M2JjN2M0YzAiOnsiY3JlYXRlIjo2MDAwMDAwMDAwMDAsImRlbGV0ZSI6MTIwMDAwMDAwMDAwMH0sInNjaGVtYV92ZXJzaW9uIjoiMSJ9",
          "dependencies": [
            "aws_vpc.proj_vpc"
          ]
        }
      ]
    },
    {
      "mode": "managed",
      "type": "aws_subnet",
      "name": "pub_sbn2",
      "provider": "provider[\"registry.terraform.io/hashicorp/aws\"]",
      "instances": [
        {
          "schema_version": 1,
          "attributes": {
            "arn": "arn:aws:ec2:eu-west-1:941624500176:subnet/subnet-07d263f6876833fb2",
            "assign_ipv6_address_on_creation": false,
            "availability_zone": "eu-west-1b",
            "availability_zone_id": "euw1-az2",
            "cidr_block": "10.0.2.0/24",
            "customer_owned_ipv4_pool": "",
            "enable_dns64": false,
            "enable_lni_at_device_index": 0,
            "enable_resource_name_dns_a_record_on_launch": false,
            "enable_resource_name_dns_aaaa_record_on_launch": false,
            "id": "subnet-07d263f6876833fb2",
            "ipv4_ipam_pool_id": null,
            "ipv4_netmask_length": null,
            "ipv6_cidr_block": "",
            "ipv6_cidr_block_association_id": "",
            "ipv6_ipam_pool_id": null,
            "ipv6_native": false,
            "ipv6_netmask_length": null,
            "map_customer_owned_ip_on_launch": false,
            "map_public_ip_on_launch": false,
            "outpost_arn": "",
            "owner_id": "941624500176",
            "private_dns_hostname_type_on_launch": "ip-name",
            "region": "eu-west-1",
            "tags": {
              "Name": "pub_sbn2"
            },
            "tags_all": {
              "Name": "pub_sbn2"
            },
            "timeouts": null,
            "vpc_id": "vpc-0e5c17fa5fb0af604"
          },
          "sensitive_attributes": [],
          "identity_schema_version": 0,
          "identity": {
            "account_id": "941624500176",
            "id": "subnet-07d263f6876833fb2",
            "region": "eu-west-1"
          },
          "private": "eyJlMmJmYjczMC1lY2FhLTExZTYtOGY4OC0zNDM2M2JjN2M0YzAiOnsiY3JlYXRlIjo2MDAwMDAwMDAwMDAsImRlbGV0ZSI6MTIwMDAwMDAwMDAwMH0sInNjaGVtYV92ZXJzaW9uIjoiMSJ9",
          "dependencies": [
            "aws_vpc.proj_vpc"
          ]
        }
      ]
    },
    {
      "mode": "managed",
      "type": "aws_vpc",
      "name": "proj_vpc",
      "provider": "provider[\"registry.terraform.io/hashicorp/aws\"]",
      "instances": [
        {
          "schema_version": 1,
          "attributes": {
            "arn": "arn:aws:ec2:eu-west-1:941624500176:vpc/vpc-0e5c17fa5fb0af604",
            "assign_generated_ipv6_cidr_block": false,
            "cidr_block": "10.0.0.0/16",
            "default_network_acl_id": "acl-055d9041f3ab9fae7",
            "default_route_table_id": "rtb-0fb0aec3f52238f48",
            "default_security_group_id": "sg-070374b7f8ced8cd5",
            "dhcp_options_id": "dopt-0009874ca1937d087",
            "enable_dns_hostnames": false,
            "enable_dns_support": true,
            "enable_network_address_usage_metrics": false,
            "id": "vpc-0e5c17fa5fb0af604",
            "instance_tenancy": "default",
            "ipv4_ipam_pool_id": null,
            "ipv4_netmask_length": null,
            "ipv6_association_id": "",
            "ipv6_cidr_block": "",
            "ipv6_cidr_block_network_border_group": "",
            "ipv6_ipam_pool_id": "",
            "ipv6_netmask_length": 0,
            "main_route_table_id": "rtb-0fb0aec3f52238f48",
            "owner_id": "941624500176",
            "region": "eu-west-1",
            "tags": {
              "Name": "proj_vpc"
            },
            "tags_all": {
              "Name": "proj_vpc"
            }
          },
          "sensitive_attributes": [],
          "identity_schema_version": 0,
          "identity": {
            "account_id": "941624500176",
            "id": "vpc-0e5c17fa5fb0af604",
            "region": "eu-west-1"
          },
          "private": "eyJzY2hlbWFfdmVyc2lvbiI6IjEifQ=="
        }
      ]
    },
    {
      "mode": "managed",
      "type": "local_file",
      "name": "key",
      "provider": "provider[\"registry.terraform.io/hashicorp/local\"]",
      "instances": [
        {
          "schema_version": 0,
          "attributes": {
            "content": "-----BEGIN RSA PRIVATE KEY-----\nMIIJKAIBAAKCAgEA1Al+st8dyv61K49dfWkFIPf3+1G6aV1cRsMcYUmAcQnpfzf9\nVYnADHsRhjGvSWoyWwfGdOJeXEKQDMKxcONrm7oXmFQ7huf6wT119nmmQb2U+v7X\nYb+AwzceKQFk28PzxGrSMm7HT/v+WOAHFZ7vo/BVvHz/ss9UrI/PTG9jJ6eyuK0e\nGqeeAPF0e6kDYiVDpSfNDs9PnroKsvPasRScDD7MqG4kb6xoN6zFWyXFHmxGzoAt\n9MZhK1QP/aktzfbrdEcVu22x6GHgQrG3g3f9jKXmfLOqB5P1LAHoX557f6TydU7k\nZgI875JgRff1mUszq1bTGw8vxD6zEVIU/xhn7yfy8rli4tCXsyRcd6MlXzks5390\n/2XlKF9fSM7gqRzWAw+qYgM/QvIG9tfLuZlmJhADz/DwmAEph/jVhQ6jk0yLoai8\nk4TjjC5aVz6sFyTUX+BHqjG++XEwQS1PZ0d0NcSoancrpPjHeOnGkc1pp2wd0kTw\nkn1Dcv72JRz32bSBLqZh6cHY451pdy/IKlPPhX8qZLi3boWYstjbcQnueXVquGdU\nJcWIXh9yNMVVMbPp/97QnkkLIU/vfgg+nvElTcxRWv6qTzu5RmWbornCfPf1tnh3\nJWoE+QVVtov8bWRWyQjlVk17aMkNBp8UbW1pqJkjQdJzCE6NjazeCmuSw2sCAwEA\nAQKCAgBdDK2lIXSZmJ04uHl2h5fQmAEjMQJ1KptMEmNp7i+Ha6okQhXSa9jzoS5X\njYY22XuvpwHYWV6/bhZ5AxeLSsH2XPvtxUk6MqNAGhCiUVA8mU2/uAYcx0ViZdW+\nePYh2yQmlhoYN7UPzK4ZonZ5bn4Lm3SEevZbKdEmyRVXnaoNxPIRSSdk2xnjoBJW\nEh2B/Ihq+cRrM17lcQ8w6QKXo0u3s/dsEqm6uBYkGJWjIjgW2b1Y8bc5K7WIpiM+\nVffb4vgA1xEaZ1EjgZBAtGysLQP/rO4w20dKfAujfFLVY18e7OvZvv1MJr9HAx1s\nlxwYYYATOM77mPaFUF6Uw0ijibpR1N0WUXDBhHoyLt4dJ7a/9Lr6vqSk8EmNXnvj\nNJQdcHTLpFNrN/4BPfkh1otniMuN5X38pdKbWK9yIrOdeSJmxryE9H9UkwiDZz/o\nKpzxxMkjP4SZllFY1brTWml5jhVsKAtQeCrfbqibR12oAeALMPpSI9sg0n6kT22M\nOa1TwAEYJPNex+XmQLaFJnB7Sb578zuXm3yLVmMJW2IeXoh3R8JbZhCbHbsOUrQF\nmaLqDrnS57ML9/H/GdhrcvZuD97s2hrDo2WdqEPBSUd0Z4BwMzFnrWaj5nrCuuL7\n+rydIWmS4z5SguNTbzDBGi6S/q+IEP+WWcjnPQ36SHUR443ggQKCAQEA7BIjRCIQ\nkP8bRWLdsm1ByyIWIEEZqqFGPVVSoGCGlSNK3ttKnGn94EV8Tn73Z0hPUEqHROpG\nn/VgJ8Lmlb3HALqAyFQMhUsaXqV71ajZEOZ+yTCVWwYFKpgkLeHv3TyOVHD031ik\npDLEZUANm/OFX0iVoNFOG9CJ09QeLklwC/L8sj6IH8HykL8V1mQFJNf1hm4y+yo6\nu6CJLKL+ODluJ94nXQEKoMGidbuJta/X2G5kLmV8za2THt9mLuEG2mGRQ9TFsBYl\nL4srhvd6K3xxo68BH4mSDGyYhAT3cTO53hRikgNKwp3sM7745pNeyeZB0KTrnlmo\nmhSAuZ83nwarmQKCAQEA5e/zJbhJDSV1ZVh9DGKYPHQ2njqhZa8lf1AWpjXqhK/6\nHwPKdupofxz8Nm+Y7YOJ1THSyRXCkwagkdu27R0Oy9K7v9PClIWEQcFlLdzkevG5\na54oLpHL1jE0hYtW4Dizx70LdYreffQb/G9Ot/oKQcOeyOQMyWuWOdtarqZRVA6o\nG8VZ15kPCo7XTM7fqaVoFCeyNiT2GFCbn3Fmou6+ZOQyru0xqSwHYQ73RtQ+2qo8\nd8Dn/SDSYGv6aMQOYkYmsre1J3kqkJ4/NpQ6XhewbtLAwGlBf+4snS3K3+NVwiiV\nfceTL86MJ+OXjqKxhTn+vZn41cCjFnuMgFF1ppgpowKCAQA7T+tQaQakh5QAgPCW\nreDD+tJ4VCLwvgh5zIAwD1CBFBbxm0NJvU+uE4dB6aCbcI2M7MzDweDwu6PnGY75\nvG7Nfg5xRrzGmLINaaKNchjnqCHexrgf4IlXxFYCuSuc+GQCT0cW/pyPLLovfkJt\nFmhCImiFuVDYqDKY6EiU9JqURf67gf6NjBs3xurjrMmmEiR8HB/u/xM2pQUSE/mv\ngq5skeJt+Z8D+OKqle3pmj6vAD1nctRCkQPP0+1Ghf9EyxLGaiUpMscxBNRw2qj1\nWBTtPUEY/WWWfYpsURsidA6U/6YsbWtRLoB0F91NgWVlcNbEZ0tTw88at2AIQzqk\nV/axAoIBAHWaDuMY6Qv3P57Q7kwaVUB+M70jwY6PUP9Xh+4En2iz1JpuRuwhIcb5\nnSl+VFoOL73BmMxN+9FUz2UqWdnWRc4Lfwkylk9+JlG3Rzd4xcb3wN0A7A49dWKc\nkf9Hb+yIM7MRxj2dBASpiHLIvxsroHlYQur+cGfIRfJbdXrkB66VPHfPrQ6u8tl0\nizt2h0BuH9hHIUe+CbwP5jhbOKJWtzxE1oNPP1oF8dQ7Yk9wmKEf9oNNP5ngYpj8\nQPu6YpzywjIf8WA6AYIr3ardjyi2tv9HfVwruVtkBp9xX1S5IhCGz0agf3AxFNAG\nAGrsXR0Ft3tjt7gjqYYDNK4ge6r0Ij8CggEBAOHUsO0EA0hiWXmmdD4z56AC1Mcd\n7/om8cshOpOWbvuNitts9MPr9zvJBLYsmFJzH/JwQ52+h5sTGUkdNRYLpuoHXfOS\nHbKIYMDlo1eUs8xWlCOczGBFCfiPeETfkYsWA5JDt/36Lma/2m5bcmi0ljVUjkJV\nEaRaWA3GY/+M7+fC20YNkkJvYDigpzujpHs6I5T+HZ4I38GNsxI5GkSGwCu2ZGSB\n46r2u/+ligJAqhKxr0lCYNO3zOkpnvDF5FqlS+YRzFsFb1qZM+3n1iprbuI9J7LB\nE2FANyn2Qvp3CuVsPe0Z/fdse1nqGFuOJYJhzwA5gy43HYwJmLS9uO22emI=\n-----END RSA PRIVATE KEY-----\n",
            "content_base64": null,
            "content_base64sha256": "y+vd98cP+BuDwHOQkfQVuwiMHuhGuurZR2Yor0BUZD8=",
            "content_base64sha512": "CCbgPaApU9OCxBPan2sKEjZvT0tYELmy4OIGF+4xBWqjRh3OC/HD4/xS0/gSfyoan7IS7pVwijgYsIrXzCs2cQ==",
            "content_md5": "902ed39ceccbbec815f85e460f7c1b5f",
            "content_sha1": "731d9ffae3141dfd53f82042247dad82f4c2cc80",
            "content_sha256": "cbebddf7c70ff81b83c0739091f415bb088c1ee846baead9476628af4054643f",
            "content_sha512": "0826e03da02953d382c413da9f6b0a12366f4f4b5810b9b2e0e20617ee31056aa3461dce0bf1c3e3fc52d3f8127f2a1a9fb212ee95708a3818b08ad7cc2b3671",
            "directory_permission": "0777",
            "file_permission": "400",
            "filename": "proj-key",
            "id": "731d9ffae3141dfd53f82042247dad82f4c2cc80",
            "sensitive_content": null,
            "source": null
          },
          "sensitive_attributes": [
            [
              {
                "type": "get_attr",
                "value": "content"
              }
            ],
            [
              {
                "type": "get_attr",
                "value": "sensitive_content"
              }
            ]
          ],
          "identity_schema_version": 0,
          "dependencies": [
            "tls_private_key.key"
          ]
        }
      ]
    },
    {
      "mode": "managed",
      "type": "tls_private_key",
      "name": "key",
      "provider": "provider[\"registry.terraform.io/hashicorp/tls\"]",
      "instances": [
        {
          "schema_version": 1,
          "attributes": {
            "algorithm": "RSA",
            "ecdsa_curve": "P224",
            "id": "69198effcc3c418f776a16b074628144028953e3",
            "private_key_openssh": "-----BEGIN OPENSSH PRIVATE KEY-----\nb3BlbnNzaC1rZXktdjEAAAAABG5vbmUAAAAEbm9uZQAAAAAAAAABAAACFwAAAAdz\nc2gtcnNhAAAAAwEAAQAAAgEA1Al+st8dyv61K49dfWkFIPf3+1G6aV1cRsMcYUmA\ncQnpfzf9VYnADHsRhjGvSWoyWwfGdOJeXEKQDMKxcONrm7oXmFQ7huf6wT119nmm\nQb2U+v7XYb+AwzceKQFk28PzxGrSMm7HT/v+WOAHFZ7vo/BVvHz/ss9UrI/PTG9j\nJ6eyuK0eGqeeAPF0e6kDYiVDpSfNDs9PnroKsvPasRScDD7MqG4kb6xoN6zFWyXF\nHmxGzoAt9MZhK1QP/aktzfbrdEcVu22x6GHgQrG3g3f9jKXmfLOqB5P1LAHoX557\nf6TydU7kZgI875JgRff1mUszq1bTGw8vxD6zEVIU/xhn7yfy8rli4tCXsyRcd6Ml\nXzks5390/2XlKF9fSM7gqRzWAw+qYgM/QvIG9tfLuZlmJhADz/DwmAEph/jVhQ6j\nk0yLoai8k4TjjC5aVz6sFyTUX+BHqjG++XEwQS1PZ0d0NcSoancrpPjHeOnGkc1p\np2wd0kTwkn1Dcv72JRz32bSBLqZh6cHY451pdy/IKlPPhX8qZLi3boWYstjbcQnu\neXVquGdUJcWIXh9yNMVVMbPp/97QnkkLIU/vfgg+nvElTcxRWv6qTzu5RmWbornC\nfPf1tnh3JWoE+QVVtov8bWRWyQjlVk17aMkNBp8UbW1pqJkjQdJzCE6NjazeCmuS\nw2sAAAc4wqHcSMKh3EgAAAAHc3NoLXJzYQAAAgEA1Al+st8dyv61K49dfWkFIPf3\n+1G6aV1cRsMcYUmAcQnpfzf9VYnADHsRhjGvSWoyWwfGdOJeXEKQDMKxcONrm7oX\nmFQ7huf6wT119nmmQb2U+v7XYb+AwzceKQFk28PzxGrSMm7HT/v+WOAHFZ7vo/BV\nvHz/ss9UrI/PTG9jJ6eyuK0eGqeeAPF0e6kDYiVDpSfNDs9PnroKsvPasRScDD7M\nqG4kb6xoN6zFWyXFHmxGzoAt9MZhK1QP/aktzfbrdEcVu22x6GHgQrG3g3f9jKXm\nfLOqB5P1LAHoX557f6TydU7kZgI875JgRff1mUszq1bTGw8vxD6zEVIU/xhn7yfy\n8rli4tCXsyRcd6MlXzks5390/2XlKF9fSM7gqRzWAw+qYgM/QvIG9tfLuZlmJhAD\nz/DwmAEph/jVhQ6jk0yLoai8k4TjjC5aVz6sFyTUX+BHqjG++XEwQS1PZ0d0NcSo\nancrpPjHeOnGkc1pp2wd0kTwkn1Dcv72JRz32bSBLqZh6cHY451pdy/IKlPPhX8q\nZLi3boWYstjbcQnueXVquGdUJcWIXh9yNMVVMbPp/97QnkkLIU/vfgg+nvElTcxR\nWv6qTzu5RmWbornCfPf1tnh3JWoE+QVVtov8bWRWyQjlVk17aMkNBp8UbW1pqJkj\nQdJzCE6NjazeCmuSw2sAAAADAQABAAACAF0MraUhdJmYnTi4eXaHl9CYASMxAnUq\nm0wSY2nuL4drqiRCFdJr2POhLleNhjbZe6+nAdhZXr9uFnkDF4tKwfZc++3FSToy\no0AaEKJRUDyZTb+4BhzHRWJl1b549iHbJCaWGhg3tQ/MrhmidnlufgubdIR69lsp\n0SbJFVedqg3E8hFJJ2TbGeOgElYSHYH8iGr5xGszXuVxDzDpApejS7ez92wSqbq4\nFiQYlaMiOBbZvVjxtzkrtYimIz5V99vi+ADXERpnUSOBkEC0bKwtA/+s7jDbR0p8\nC6N8UtVjXx7s69m+/Uwmv0cDHWyXHBhhgBM4zvuY9oVQXpTDSKOJulHU3RZRcMGE\nejIu3h0ntr/0uvq+pKTwSY1ee+M0lB1wdMukU2s3/gE9+SHWi2eIy43lffyl0ptY\nr3Iis515ImbGvIT0f1STCINnP+gqnPHEySM/hJmWUVjVutNaaXmOFWwoC1B4Kt9u\nqJtHXagB4Asw+lIj2yDSfqRPbYw5rVPAARgk817H5eZAtoUmcHtJvnvzO5ebfItW\nYwlbYh5eiHdHwltmEJsduw5StAWZouoOudLnswv38f8Z2Gty9m4P3uzaGsOjZZ2o\nQ8FJR3RngHAzMWetZqPmesK64vv6vJ0haZLjPlKC41NvMMEaLpL+r4gQ/5ZZyOc9\nDfpIdRHjjeCBAAABAQDh1LDtBANIYll5pnQ+M+egAtTHHe/6JvHLITqTlm77jYrb\nbPTD6/c7yQS2LJhScx/ycEOdvoebExlJHTUWC6bqB13zkh2yiGDA5aNXlLPMVpQj\nnMxgRQn4j3hE35GLFgOSQ7f9+i5mv9puW3JotJY1VI5CVRGkWlgNxmP/jO/nwttG\nDZJCb2A4oKc7o6R7OiOU/h2eCN/BjbMSORpEhsArtmRkgeOq9rv/pYoCQKoSsa9J\nQmDTt8zpKZ7wxeRapUvmEcxbBW9amTPt59Yqa27iPSeywRNhQDcp9kL6dwrlbD3t\nGf33bHtZ6hhbjiWCYc8AOYMuNx2MCZi0vbjttnpiAAABAQDsEiNEIhCQ/xtFYt2y\nbUHLIhYgQRmqoUY9VVKgYIaVI0re20qcaf3gRXxOfvdnSE9QSodE6kaf9WAnwuaV\nvccAuoDIVAyFSxpepXvVqNkQ5n7JMJVbBgUqmCQt4e/dPI5UcPTfWKSkMsRlQA2b\n84VfSJWg0U4b0InT1B4uSXAL8vyyPogfwfKQvxXWZAUk1/WGbjL7Kjq7oIksov44\nOW4n3iddAQqgwaJ1u4m1r9fYbmQuZXzNrZMe32Yu4QbaYZFD1MWwFiUviyuG93or\nfHGjrwEfiZIMbJiEBPdxM7neFGKSA0rCnewzvvjmk17J5kHQpOueWaiaFIC5nzef\nBquZAAABAQDl7/MluEkNJXVlWH0MYpg8dDaeOqFlryV/UBamNeqEr/ofA8p26mh/\nHPw2b5jtg4nVMdLJFcKTBqCR27btHQ7L0ru/08KUhYRBwWUt3OR68blrnigukcvW\nMTSFi1bgOLPHvQt1it599Bv8b063+gpBw57I5AzJa5Y521quplFUDqgbxVnXmQ8K\njtdMzt+ppWgUJ7I2JPYYUJufcWai7r5k5DKu7TGpLAdhDvdG1D7aqjx3wOf9INJg\na/poxA5iRiayt7UneSqQnj82lDpeF7Bu0sDAaUF/7iydLcrf41XCKJV9x5Mvzown\n45eOorGFOf69mfjVwKMWe4yAUXWmmCmjAAAAAAEC\n-----END OPENSSH PRIVATE KEY-----\n",
            "private_key_pem": "-----BEGIN RSA PRIVATE KEY-----\nMIIJKAIBAAKCAgEA1Al+st8dyv61K49dfWkFIPf3+1G6aV1cRsMcYUmAcQnpfzf9\nVYnADHsRhjGvSWoyWwfGdOJeXEKQDMKxcONrm7oXmFQ7huf6wT119nmmQb2U+v7X\nYb+AwzceKQFk28PzxGrSMm7HT/v+WOAHFZ7vo/BVvHz/ss9UrI/PTG9jJ6eyuK0e\nGqeeAPF0e6kDYiVDpSfNDs9PnroKsvPasRScDD7MqG4kb6xoN6zFWyXFHmxGzoAt\n9MZhK1QP/aktzfbrdEcVu22x6GHgQrG3g3f9jKXmfLOqB5P1LAHoX557f6TydU7k\nZgI875JgRff1mUszq1bTGw8vxD6zEVIU/xhn7yfy8rli4tCXsyRcd6MlXzks5390\n/2XlKF9fSM7gqRzWAw+qYgM/QvIG9tfLuZlmJhADz/DwmAEph/jVhQ6jk0yLoai8\nk4TjjC5aVz6sFyTUX+BHqjG++XEwQS1PZ0d0NcSoancrpPjHeOnGkc1pp2wd0kTw\nkn1Dcv72JRz32bSBLqZh6cHY451pdy/IKlPPhX8qZLi3boWYstjbcQnueXVquGdU\nJcWIXh9yNMVVMbPp/97QnkkLIU/vfgg+nvElTcxRWv6qTzu5RmWbornCfPf1tnh3\nJWoE+QVVtov8bWRWyQjlVk17aMkNBp8UbW1pqJkjQdJzCE6NjazeCmuSw2sCAwEA\nAQKCAgBdDK2lIXSZmJ04uHl2h5fQmAEjMQJ1KptMEmNp7i+Ha6okQhXSa9jzoS5X\njYY22XuvpwHYWV6/bhZ5AxeLSsH2XPvtxUk6MqNAGhCiUVA8mU2/uAYcx0ViZdW+\nePYh2yQmlhoYN7UPzK4ZonZ5bn4Lm3SEevZbKdEmyRVXnaoNxPIRSSdk2xnjoBJW\nEh2B/Ihq+cRrM17lcQ8w6QKXo0u3s/dsEqm6uBYkGJWjIjgW2b1Y8bc5K7WIpiM+\nVffb4vgA1xEaZ1EjgZBAtGysLQP/rO4w20dKfAujfFLVY18e7OvZvv1MJr9HAx1s\nlxwYYYATOM77mPaFUF6Uw0ijibpR1N0WUXDBhHoyLt4dJ7a/9Lr6vqSk8EmNXnvj\nNJQdcHTLpFNrN/4BPfkh1otniMuN5X38pdKbWK9yIrOdeSJmxryE9H9UkwiDZz/o\nKpzxxMkjP4SZllFY1brTWml5jhVsKAtQeCrfbqibR12oAeALMPpSI9sg0n6kT22M\nOa1TwAEYJPNex+XmQLaFJnB7Sb578zuXm3yLVmMJW2IeXoh3R8JbZhCbHbsOUrQF\nmaLqDrnS57ML9/H/GdhrcvZuD97s2hrDo2WdqEPBSUd0Z4BwMzFnrWaj5nrCuuL7\n+rydIWmS4z5SguNTbzDBGi6S/q+IEP+WWcjnPQ36SHUR443ggQKCAQEA7BIjRCIQ\nkP8bRWLdsm1ByyIWIEEZqqFGPVVSoGCGlSNK3ttKnGn94EV8Tn73Z0hPUEqHROpG\nn/VgJ8Lmlb3HALqAyFQMhUsaXqV71ajZEOZ+yTCVWwYFKpgkLeHv3TyOVHD031ik\npDLEZUANm/OFX0iVoNFOG9CJ09QeLklwC/L8sj6IH8HykL8V1mQFJNf1hm4y+yo6\nu6CJLKL+ODluJ94nXQEKoMGidbuJta/X2G5kLmV8za2THt9mLuEG2mGRQ9TFsBYl\nL4srhvd6K3xxo68BH4mSDGyYhAT3cTO53hRikgNKwp3sM7745pNeyeZB0KTrnlmo\nmhSAuZ83nwarmQKCAQEA5e/zJbhJDSV1ZVh9DGKYPHQ2njqhZa8lf1AWpjXqhK/6\nHwPKdupofxz8Nm+Y7YOJ1THSyRXCkwagkdu27R0Oy9K7v9PClIWEQcFlLdzkevG5\na54oLpHL1jE0hYtW4Dizx70LdYreffQb/G9Ot/oKQcOeyOQMyWuWOdtarqZRVA6o\nG8VZ15kPCo7XTM7fqaVoFCeyNiT2GFCbn3Fmou6+ZOQyru0xqSwHYQ73RtQ+2qo8\nd8Dn/SDSYGv6aMQOYkYmsre1J3kqkJ4/NpQ6XhewbtLAwGlBf+4snS3K3+NVwiiV\nfceTL86MJ+OXjqKxhTn+vZn41cCjFnuMgFF1ppgpowKCAQA7T+tQaQakh5QAgPCW\nreDD+tJ4VCLwvgh5zIAwD1CBFBbxm0NJvU+uE4dB6aCbcI2M7MzDweDwu6PnGY75\nvG7Nfg5xRrzGmLINaaKNchjnqCHexrgf4IlXxFYCuSuc+GQCT0cW/pyPLLovfkJt\nFmhCImiFuVDYqDKY6EiU9JqURf67gf6NjBs3xurjrMmmEiR8HB/u/xM2pQUSE/mv\ngq5skeJt+Z8D+OKqle3pmj6vAD1nctRCkQPP0+1Ghf9EyxLGaiUpMscxBNRw2qj1\nWBTtPUEY/WWWfYpsURsidA6U/6YsbWtRLoB0F91NgWVlcNbEZ0tTw88at2AIQzqk\nV/axAoIBAHWaDuMY6Qv3P57Q7kwaVUB+M70jwY6PUP9Xh+4En2iz1JpuRuwhIcb5\nnSl+VFoOL73BmMxN+9FUz2UqWdnWRc4Lfwkylk9+JlG3Rzd4xcb3wN0A7A49dWKc\nkf9Hb+yIM7MRxj2dBASpiHLIvxsroHlYQur+cGfIRfJbdXrkB66VPHfPrQ6u8tl0\nizt2h0BuH9hHIUe+CbwP5jhbOKJWtzxE1oNPP1oF8dQ7Yk9wmKEf9oNNP5ngYpj8\nQPu6YpzywjIf8WA6AYIr3ardjyi2tv9HfVwruVtkBp9xX1S5IhCGz0agf3AxFNAG\nAGrsXR0Ft3tjt7gjqYYDNK4ge6r0Ij8CggEBAOHUsO0EA0hiWXmmdD4z56AC1Mcd\n7/om8cshOpOWbvuNitts9MPr9zvJBLYsmFJzH/JwQ52+h5sTGUkdNRYLpuoHXfOS\nHbKIYMDlo1eUs8xWlCOczGBFCfiPeETfkYsWA5JDt/36Lma/2m5bcmi0ljVUjkJV\nEaRaWA3GY/+M7+fC20YNkkJvYDigpzujpHs6I5T+HZ4I38GNsxI5GkSGwCu2ZGSB\n46r2u/+ligJAqhKxr0lCYNO3zOkpnvDF5FqlS+YRzFsFb1qZM+3n1iprbuI9J7LB\nE2FANyn2Qvp3CuVsPe0Z/fdse1nqGFuOJYJhzwA5gy43HYwJmLS9uO22emI=\n-----END RSA PRIVATE KEY-----\n",
            "private_key_pem_pkcs8": "-----BEGIN PRIVATE KEY-----\nMIIJQgIBADANBgkqhkiG9w0BAQEFAASCCSwwggkoAgEAAoICAQDUCX6y3x3K/rUr\nj119aQUg9/f7UbppXVxGwxxhSYBxCel/N/1VicAMexGGMa9JajJbB8Z04l5cQpAM\nwrFw42ubuheYVDuG5/rBPXX2eaZBvZT6/tdhv4DDNx4pAWTbw/PEatIybsdP+/5Y\n4AcVnu+j8FW8fP+yz1Ssj89Mb2Mnp7K4rR4ap54A8XR7qQNiJUOlJ80Oz0+eugqy\n89qxFJwMPsyobiRvrGg3rMVbJcUebEbOgC30xmErVA/9qS3N9ut0RxW7bbHoYeBC\nsbeDd/2MpeZ8s6oHk/UsAehfnnt/pPJ1TuRmAjzvkmBF9/WZSzOrVtMbDy/EPrMR\nUhT/GGfvJ/LyuWLi0JezJFx3oyVfOSznf3T/ZeUoX19IzuCpHNYDD6piAz9C8gb2\n18u5mWYmEAPP8PCYASmH+NWFDqOTTIuhqLyThOOMLlpXPqwXJNRf4EeqMb75cTBB\nLU9nR3Q1xKhqdyuk+Md46caRzWmnbB3SRPCSfUNy/vYlHPfZtIEupmHpwdjjnWl3\nL8gqU8+FfypkuLduhZiy2NtxCe55dWq4Z1QlxYheH3I0xVUxs+n/3tCeSQshT+9+\nCD6e8SVNzFFa/qpPO7lGZZuiucJ89/W2eHclagT5BVW2i/xtZFbJCOVWTXtoyQ0G\nnxRtbWmomSNB0nMITo2NrN4Ka5LDawIDAQABAoICAF0MraUhdJmYnTi4eXaHl9CY\nASMxAnUqm0wSY2nuL4drqiRCFdJr2POhLleNhjbZe6+nAdhZXr9uFnkDF4tKwfZc\n++3FSToyo0AaEKJRUDyZTb+4BhzHRWJl1b549iHbJCaWGhg3tQ/Mrhmidnlufgub\ndIR69lsp0SbJFVedqg3E8hFJJ2TbGeOgElYSHYH8iGr5xGszXuVxDzDpApejS7ez\n92wSqbq4FiQYlaMiOBbZvVjxtzkrtYimIz5V99vi+ADXERpnUSOBkEC0bKwtA/+s\n7jDbR0p8C6N8UtVjXx7s69m+/Uwmv0cDHWyXHBhhgBM4zvuY9oVQXpTDSKOJulHU\n3RZRcMGEejIu3h0ntr/0uvq+pKTwSY1ee+M0lB1wdMukU2s3/gE9+SHWi2eIy43l\nffyl0ptYr3Iis515ImbGvIT0f1STCINnP+gqnPHEySM/hJmWUVjVutNaaXmOFWwo\nC1B4Kt9uqJtHXagB4Asw+lIj2yDSfqRPbYw5rVPAARgk817H5eZAtoUmcHtJvnvz\nO5ebfItWYwlbYh5eiHdHwltmEJsduw5StAWZouoOudLnswv38f8Z2Gty9m4P3uza\nGsOjZZ2oQ8FJR3RngHAzMWetZqPmesK64vv6vJ0haZLjPlKC41NvMMEaLpL+r4gQ\n/5ZZyOc9DfpIdRHjjeCBAoIBAQDsEiNEIhCQ/xtFYt2ybUHLIhYgQRmqoUY9VVKg\nYIaVI0re20qcaf3gRXxOfvdnSE9QSodE6kaf9WAnwuaVvccAuoDIVAyFSxpepXvV\nqNkQ5n7JMJVbBgUqmCQt4e/dPI5UcPTfWKSkMsRlQA2b84VfSJWg0U4b0InT1B4u\nSXAL8vyyPogfwfKQvxXWZAUk1/WGbjL7Kjq7oIksov44OW4n3iddAQqgwaJ1u4m1\nr9fYbmQuZXzNrZMe32Yu4QbaYZFD1MWwFiUviyuG93orfHGjrwEfiZIMbJiEBPdx\nM7neFGKSA0rCnewzvvjmk17J5kHQpOueWaiaFIC5nzefBquZAoIBAQDl7/MluEkN\nJXVlWH0MYpg8dDaeOqFlryV/UBamNeqEr/ofA8p26mh/HPw2b5jtg4nVMdLJFcKT\nBqCR27btHQ7L0ru/08KUhYRBwWUt3OR68blrnigukcvWMTSFi1bgOLPHvQt1it59\n9Bv8b063+gpBw57I5AzJa5Y521quplFUDqgbxVnXmQ8KjtdMzt+ppWgUJ7I2JPYY\nUJufcWai7r5k5DKu7TGpLAdhDvdG1D7aqjx3wOf9INJga/poxA5iRiayt7UneSqQ\nnj82lDpeF7Bu0sDAaUF/7iydLcrf41XCKJV9x5Mvzown45eOorGFOf69mfjVwKMW\ne4yAUXWmmCmjAoIBADtP61BpBqSHlACA8Jat4MP60nhUIvC+CHnMgDAPUIEUFvGb\nQ0m9T64Th0HpoJtwjYzszMPB4PC7o+cZjvm8bs1+DnFGvMaYsg1poo1yGOeoId7G\nuB/giVfEVgK5K5z4ZAJPRxb+nI8sui9+Qm0WaEIiaIW5UNioMpjoSJT0mpRF/ruB\n/o2MGzfG6uOsyaYSJHwcH+7/EzalBRIT+a+CrmyR4m35nwP44qqV7emaPq8APWdy\n1EKRA8/T7UaF/0TLEsZqJSkyxzEE1HDaqPVYFO09QRj9ZZZ9imxRGyJ0DpT/pixt\na1EugHQX3U2BZWVw1sRnS1PDzxq3YAhDOqRX9rECggEAdZoO4xjpC/c/ntDuTBpV\nQH4zvSPBjo9Q/1eH7gSfaLPUmm5G7CEhxvmdKX5UWg4vvcGYzE370VTPZSpZ2dZF\nzgt/CTKWT34mUbdHN3jFxvfA3QDsDj11YpyR/0dv7IgzsxHGPZ0EBKmIcsi/Gyug\neVhC6v5wZ8hF8lt1euQHrpU8d8+tDq7y2XSLO3aHQG4f2EchR74JvA/mOFs4ola3\nPETWg08/WgXx1DtiT3CYoR/2g00/meBimPxA+7pinPLCMh/xYDoBgivdqt2PKLa2\n/0d9XCu5W2QGn3FfVLkiEIbPRqB/cDEU0AYAauxdHQW3e2O3uCOphgM0riB7qvQi\nPwKCAQEA4dSw7QQDSGJZeaZ0PjPnoALUxx3v+ibxyyE6k5Zu+42K22z0w+v3O8kE\ntiyYUnMf8nBDnb6HmxMZSR01Fgum6gdd85IdsohgwOWjV5SzzFaUI5zMYEUJ+I94\nRN+RixYDkkO3/fouZr/abltyaLSWNVSOQlURpFpYDcZj/4zv58LbRg2SQm9gOKCn\nO6OkezojlP4dngjfwY2zEjkaRIbAK7ZkZIHjqva7/6WKAkCqErGvSUJg07fM6Sme\n8MXkWqVL5hHMWwVvWpkz7efWKmtu4j0nssETYUA3KfZC+ncK5Ww97Rn992x7WeoY\nW44lgmHPADmDLjcdjAmYtL247bZ6Yg==\n-----END PRIVATE KEY-----\n",
            "public_key_fingerprint_md5": "0e:66:2b:b6:c2:95:85:5d:7b:41:2e:bf:5e:a7:ef:44",
            "public_key_fingerprint_sha256": "SHA256:yB+MOQh1cxE856quPAi5ofpgaFtt4BCBm1c92cbeg+8",
            "public_key_openssh": "ssh-rsa AAAAB3NzaC1yc2EAAAADAQABAAACAQDUCX6y3x3K/rUrj119aQUg9/f7UbppXVxGwxxhSYBxCel/N/1VicAMexGGMa9JajJbB8Z04l5cQpAMwrFw42ubuheYVDuG5/rBPXX2eaZBvZT6/tdhv4DDNx4pAWTbw/PEatIybsdP+/5Y4AcVnu+j8FW8fP+yz1Ssj89Mb2Mnp7K4rR4ap54A8XR7qQNiJUOlJ80Oz0+eugqy89qxFJwMPsyobiRvrGg3rMVbJcUebEbOgC30xmErVA/9qS3N9ut0RxW7bbHoYeBCsbeDd/2MpeZ8s6oHk/UsAehfnnt/pPJ1TuRmAjzvkmBF9/WZSzOrVtMbDy/EPrMRUhT/GGfvJ/LyuWLi0JezJFx3oyVfOSznf3T/ZeUoX19IzuCpHNYDD6piAz9C8gb218u5mWYmEAPP8PCYASmH+NWFDqOTTIuhqLyThOOMLlpXPqwXJNRf4EeqMb75cTBBLU9nR3Q1xKhqdyuk+Md46caRzWmnbB3SRPCSfUNy/vYlHPfZtIEupmHpwdjjnWl3L8gqU8+FfypkuLduhZiy2NtxCe55dWq4Z1QlxYheH3I0xVUxs+n/3tCeSQshT+9+CD6e8SVNzFFa/qpPO7lGZZuiucJ89/W2eHclagT5BVW2i/xtZFbJCOVWTXtoyQ0GnxRtbWmomSNB0nMITo2NrN4Ka5LDaw==\n",
            "public_key_pem": "-----BEGIN PUBLIC KEY-----\nMIICIjANBgkqhkiG9w0BAQEFAAOCAg8AMIICCgKCAgEA1Al+st8dyv61K49dfWkF\nIPf3+1G6aV1cRsMcYUmAcQnpfzf9VYnADHsRhjGvSWoyWwfGdOJeXEKQDMKxcONr\nm7oXmFQ7huf6wT119nmmQb2U+v7XYb+AwzceKQFk28PzxGrSMm7HT/v+WOAHFZ7v\no/BVvHz/ss9UrI/PTG9jJ6eyuK0eGqeeAPF0e6kDYiVDpSfNDs9PnroKsvPasRSc\nDD7MqG4kb6xoN6zFWyXFHmxGzoAt9MZhK1QP/aktzfbrdEcVu22x6GHgQrG3g3f9\njKXmfLOqB5P1LAHoX557f6TydU7kZgI875JgRff1mUszq1bTGw8vxD6zEVIU/xhn\n7yfy8rli4tCXsyRcd6MlXzks5390/2XlKF9fSM7gqRzWAw+qYgM/QvIG9tfLuZlm\nJhADz/DwmAEph/jVhQ6jk0yLoai8k4TjjC5aVz6sFyTUX+BHqjG++XEwQS1PZ0d0\nNcSoancrpPjHeOnGkc1pp2wd0kTwkn1Dcv72JRz32bSBLqZh6cHY451pdy/IKlPP\nhX8qZLi3boWYstjbcQnueXVquGdUJcWIXh9yNMVVMbPp/97QnkkLIU/vfgg+nvEl\nTcxRWv6qTzu5RmWbornCfPf1tnh3JWoE+QVVtov8bWRWyQjlVk17aMkNBp8UbW1p\nqJkjQdJzCE6NjazeCmuSw2sCAwEAAQ==\n-----END PUBLIC KEY-----\n",
            "rsa_bits": 4096
          },
          "sensitive_attributes": [
            [
              {
                "type": "get_attr",
                "value": "private_key_openssh"
              }
            ],
            [
              {
                "type": "get_attr",
                "value": "private_key_pem"
              }
            ],
            [
              {
                "type": "get_attr",
                "value": "private_key_pem_pkcs8"
              }
            ]
          ],
          "identity_schema_version": 0
        }
      ]
    }
  ],
  "check_results": null
}
